{
  "lockfile_version": "1",
  "packages": {
    "ansible-lint@25.8.2": {
      "last_modified": "2026-07-11T07:21:12Z",
      "resolved": "github:NixOS/nixpkgs/770b9bbb84018993c8f009d437fff6c2e3077037#ansible-lint",
      "source": "devbox-search",
      "version": "25.8.2",
      "systems": {
        "aarch64-darwin": {
          "outputs": [
            {
              "name": "out",
              "path": "/nix/store/lp2fzl4q2hb4bv2hapkffj0a7lmhw7vz-ansible-lint-25.8.2",
              "default": true
            },
            {
              "name": "dist",
              "path": "/nix/store/6kz62j2vpmkidp6m1vfwhbxxpjg3z7wb-ansible-lint-25.8.2-dist"
            }
          ],
          "store_path": "/nix/store/lp2fzl4q2hb4bv2hapkffj0a7lmhw7vz-ansible-lint-25.8.2"
        },
        "aarch64-linux": {
          "outputs": [
            {
              "name": "out",
              "path": "/nix/store/b93k9r55p5dwlrw1nrmgvygp1bw8zr0x-ansible-lint-25.8.2",
              "default": true
            },
            {
              "name": "dist",
              "path": "/nix/store/cw5xby3glp9dld2k0hsshc0bmi0m7xi9-ansible-lint-25.8.2-dist"
            }
          ],
          "store_path": "/nix/store/b93k9r55p5dwlrw1nrmgvygp1bw8zr0x-ansible-lint-25.8.2"
        },
        "x86_64-darwin": {
          "outputs": [
            {
              "name": "out",
              "path": "/nix/store/mhgajzzpprc8i67i4523wmyf8iwapgpy-ansible-lint-25.8.2",
              "default": true
            },
            {
              "name": "dist",
              "path": "/nix/store/crh61azbn7cr5abymv8dzs8afyg82011-ansible-lint-25.8.2-dist"
            }
          ],
          "store_path": "/nix/store/mhgajzzpprc8i67i4523wmyf8iwapgpy-ansible-lint-25.8.2"
        },
        "x86_64-linux": {
          "outputs": [
            {
              "name": "out",
              "path": "/nix/store/1gy912pz53f9sn3yr8flm2jimhqxfh9c-ansible-lint-25.8.2",
              "default": true
            },
            {
              "name": "dist",
              "path": "/nix/store/mrjgwzr383dk37nxvkrh6w92l8ry7i0h-ansible-lint-25.8.2-dist"
            }
          ],
          "store_path": "/nix/store/1gy912pz53f9sn3yr8flm2jimhqxfh9c-ansible-lint-25.8.2"
        }
      }
    },
    "ansible@2.21.3": {
      "last_modified": "2026-08-27T07:16:00Z",
      "resolved": "github:NixOS/nixpkgs/c27cdad491a991b11ed731760aa2ef8db0cb0410#ansible",
      "source": "devbox-search",
      "version": "2.21.3",
      "systems": {
        "aarch64-darwin": {
          "outputs": [
            {
              "name": "out",
              "path": "/nix/store/s9xygrq5kiyz0qvkjm0glrn7bykjibmw-python3.14-ansible-core-2.21.3",
              "default": true
            },
            {
              "name": "dist",
              "path": "/nix/store/kkgzfg6j63hmdwlfjyz15cql82g04ydb-python3.14-ansible-core-2.21.3-dist"
            }
          ],
          "store_path": "/nix/store/s9xygrq5kiyz0qvkjm0glrn7bykjibmw-python3.14-ansible-core-2.21.3"
        },
        "aarch64-linux": {
          "outputs": [
            {
              "name": "out",
              "path": "/nix/store/lhb08cg5k3wsg9s0xafmj1i1x9dgfgh9-python3.14-ansible-core-2.21.3",
              "default": true
            },
            {
              "name": "dist",
              "path": "/nix/store/fhnhjlnv60952rkz1z1m26lgnhz8yvdx-python3.14-ansible-core-2.21.3-dist"
            }
          ],
          "store_path": "/nix/store/lhb08cg5k3wsg9s0xafmj1i1x9dgfgh9-python3.14-ansible-core-2.21.3"
        },
        "x86_64-linux": {
          "outputs": [
            {
              "name": "out",
              "path": "/nix/store/khvfvdk8r3qqp4smfx6k9nj1igf302ax-python3.14-ansible-core-2.21.3",
              "default": true
            },
            {
              "name": "dist",
              "path": "/nix/store/c11dlhkm01rvg8xwdfi6y08c6la42gk0-python3.14-ansible-core-2.21.3-dist"
            }
          ],
          "store_path": "/nix/store/khvfvdk8r3qqp4smfx6k9nj1igf302ax-python3.14-ansible-core-2.21.3"
        }
      }
    },
    "github:NixOS/nixpkgs/nixpkgs-unstable": {
      "last_modified": "2026-07-19T09:25:00Z",
      "resolved": "github:NixOS/nixpkgs/b471514bed69eff5255c8e63c1f80e5fe56c616f?lastModified=1784453100&narHash=sha256-zpGZb8FYui%2Bi8KLtC0nlcmb0voR2zB80Qn8pe7lzIbk%3D"
    },
    "helm-docs@1.14.2": {
      "last_modified": "2026-07-08T21:13:06Z",
      "resolved": "github:NixOS/nixpkgs/389ed85304b281ca7f306cf8a1eb4378651ca44e#helm-docs",
      "source": "devbox-search",
      "version": "1.14.2",
      "systems": {
        "aarch64-darwin": {
          "outputs": [
            {
              "name": "out",
              "path": "/nix/store/wwv1s6dxqaalck2rg3vd1p0wzir7x31h-helm-docs-1.14.2",
              "default": true
            }
          ],
          "store_path": "/nix/store/wwv1s6dxqaalck2rg3vd1p0wzir7x31h-helm-docs-1.14.2"
        },
        "aarch64-linux": {
          "outputs": [
            {
              "name": "out",
              "path": "/nix/store/w5ggd06fcp3mj6c09pv7srvqvvdncvkm-helm-docs-1.14.2",
              "default": true
            }
          ],
          "store_path": "/nix/store/w5ggd06fcp3mj6c09pv7srvqvvdncvkm-helm-docs-1.14.2"
        },
        "x86_64-darwin": {
          "outputs": [
            {
              "name": "out",
              "path": "/nix/store/jqrqdlym18aindf0palq4chr2ja7w455-helm-docs-1.14.2",
              "default": true
            }
          ],
          "store_path": "/nix/store/jqrqdlym18aindf0palq4chr2ja7w455-helm-docs-1.14.2"
        },
        "x86_64-linux": {
          "outputs": [
            {
              "name": "out",
              "path": "/nix/store/zk72a9c3vj0s3il3l5pjq8ly60akvhd2-helm-docs-1.14.2",
              "default": true
            }
          ],
          "store_path": "/nix/store/zk72a9c3vj0s3il3l5pjq8ly60akvhd2-helm-docs-1.14.2"
        }
      }
    },
    "jq@1.8.2": {
      "last_modified": "2026-07-17T09:58:13Z",
      "resolved": "github:NixOS/nixpkgs/a47c123a609287a012dfc44d281de2dd4ed13394#jq",
      "source": "devbox-search",
      "version": "1.8.2",
      "systems": {
        "aarch64-darwin": {
          "outputs": [
            {
              "name": "bin",
              "path": "/nix/store/w9rx3k3j6r1aijl9vbhdw0j8h6rzdwww-jq-1.8.2-bin",
              "default": true
            },
            {
              "name": "man",
              "path": "/nix/store/pgwzzdyic7mf4dzxxj0dw7j1la50gzb8-jq-1.8.2-man",
              "default": true
            },
            {
              "name": "dev",
              "path": "/nix/store/gwq87n1iz8fbhnd9g52aw4b6wb8vfal7-jq-1.8.2-dev"
            },
            {
              "name": "doc",
              "path": "/nix/store/spgihyfnkcbdzwqk8661xlxgn7vp9lp3-jq-1.8.2-doc"
            },
            {
              "name": "out",
              "path": "/nix/store/n0h3l9gvwsgxfkcrc4jy4mkf95b81gxy-jq-1.8.2"
            }
          ],
          "store_path": "/nix/store/w9rx3k3j6r1aijl9vbhdw0j8h6rzdwww-jq-1.8.2-bin"
        },
        "aarch64-linux": {
          "outputs": [
            {
              "name": "bin",
              "path": "/nix/store/5whqqvqs3bs1q85wvlh1s62xamjp2ddd-jq-1.8.2-bin",
              "default": true
            },
            {
              "name": "man",
              "path": "/nix/store/j74grvap66q6g1nb2z1fai8gba6zn2r8-jq-1.8.2-man",
              "default": true
            },
            {
              "name": "dev",
              "path": "/nix/store/5vir0728vnqsgv0w4hbwid0w36pjzix8-jq-1.8.2-dev"
            },
            {
              "name": "doc",
              "path": "/nix/store/97mmiwl3n44brlf1n52wlqn2ncq9l0q1-jq-1.8.2-doc"
            },
            {
              "name": "out",
              "path": "/nix/store/sllc59m9drvcawrlmsmw74ai9wkia9f1-jq-1.8.2"
            }
          ],
          "store_path": "/nix/store/5whqqvqs3bs1q85wvlh1s62xamjp2ddd-jq-1.8.2-bin"
        },
        "x86_64-linux": {
          "outputs": [
            {
              "name": "bin",
              "path": "/nix/store/1bp02949k0xdihbgphpwbzba1741pknk-jq-1.8.2-bin",
              "default": true
            },
            {
              "name": "man",
              "path": "/nix/store/zcxx34cdvf8xbv26vw2hbgjmsjwxaj9h-jq-1.8.2-man",
              "default": true
            },
            {
              "name": "doc",
              "path": "/nix/store/ic07gi5rsjf4nq2ad3h40cpk92bfxb0f-jq-1.8.2-doc"
            },
            {
              "name": "out",
              "path": "/nix/store/mgrb1j6chhwmb7jwd6cjwihbni2szz1d-jq-1.8.2"
            },
            {
              "name": "dev",
              "path": "/nix/store/gfgr11fc6rd0rnbalj2qk69s4jyy5rsb-jq-1.8.2-dev"
            }
          ],
          "store_path": "/nix/store/1bp02949k0xdihbgphpwbzba1741pknk-jq-1.8.2-bin"
        }
      }
    },
    "just@1.57.0": {
      "last_modified": "2026-07-23T05:10:05Z",
      "resolved": "github:NixOS/nixpkgs/7525d999cd850b9a488817abc89c75dc733acf17#just",
      "source": "devbox-search",
      "version": "1.57.0",
      "systems": {
        "aarch64-darwin": {
          "outputs": [
            {
              "name": "out",
              "path": "/nix/store/197vj26rr8fsd93dzmwmwvjcqw7v24bk-just-1.57.0",
              "default": true
            },
            {
              "name": "man",
              "path": "/nix/store/0ff1nnr1rg6mnfmcprr9a4lg1ar7jby9-just-1.57.0-man",
              "default": true
            },
            {
              "name": "doc",
              "path": "/nix/store/jzbx2s1nzz7b9cinck1s0w54gr7g8q6x-just-1.57.0-doc"
            }
          ],
          "store_path": "/nix/store/197vj26rr8fsd93dzmwmwvjcqw7v24bk-just-1.57.0"
        },
        "aarch64-linux": {
          "outputs": [
            {
              "name": "out",
              "path": "/nix/store/ijj0f7avjl3lcahj3pq1prz32mcv1l8p-just-1.57.0",
              "default": true
            },
            {
              "name": "man",
              "path": "/nix/store/j5wx4dh05fp7gmziwv48j3n222iavl1j-just-1.57.0-man",
              "default": true
            },
            {
              "name": "doc",
              "path": "/nix/store/3a2icqfmckpph7a53rscxd70yzx13ai0-just-1.57.0-doc"
            }
          ],
          "store_path": "/nix/store/ijj0f7avjl3lcahj3pq1prz32mcv1l8p-just-1.57.0"
        },
        "x86_64-linux": {
          "outputs": [
            {
              "name": "out",
              "path": "/nix/store/70h070nb8c1l202a4gn58n6mxapbjhl9-just-1.57.0",
              "default": true
            },
            {
              "name": "man",
              "path": "/nix/store/5jqyaddlkly9bng1f3i2migfxp7fs7s0-just-1.57.0-man",
              "default": true
            },
            {
              "name": "doc",
              "path": "/nix/store/hazpa6bzrgc46bbf279wq15dasrid1hj-just-1.57.0-doc"
            }
          ],
          "store_path": "/nix/store/70h070nb8c1l202a4gn58n6mxapbjhl9-just-1.57.0"
        }
      }
    },
    "k9s@0.51.0": {
      "last_modified": "2026-07-08T21:13:06Z",
      "resolved": "github:NixOS/nixpkgs/389ed85304b281ca7f306cf8a1eb4378651ca44e#k9s",
      "source": "devbox-search",
      "version": "0.51.0",
      "systems": {
        "aarch64-darwin": {
          "outputs": [
            {
              "name": "out",
              "path": "/nix/store/hz94y15b4qigvhs7kx16j7cgpkzh86kd-k9s-0.51.0",
              "default": true
            }
          ],
          "store_path": "/nix/store/hz94y15b4qigvhs7kx16j7cgpkzh86kd-k9s-0.51.0"
        },
        "aarch64-linux": {
          "outputs": [
            {
              "name": "out",
              "path": "/nix/store/jfm55kc9i10zk3rv18vfz4idvkmg3f5a-k9s-0.51.0",
              "default": true
            }
          ],
          "store_path": "/nix/store/jfm55kc9i10zk3rv18vfz4idvkmg3f5a-k9s-0.51.0"
        },
        "x86_64-darwin": {
          "outputs": [
            {
              "name": "out",
              "path": "/nix/store/b8x9cy329sqgznfv0im37nddbsphjx2m-k9s-0.51.0",
              "default": true
            }
          ],
          "store_path": "/nix/store/b8x9cy329sqgznfv0im37nddbsphjx2m-k9s-0.51.0"
        },
        "x86_64-linux": {
          "outputs": [
            {
              "name": "out",
              "path": "/nix/store/chwjm4wxzq56q0c1i7zmk0x7czbx7954-k9s-0.51.0",
              "default": true
            }
          ],
          "store_path": "/nix/store/chwjm4wxzq56q0c1i7zmk0x7czbx7954-k9s-0.51.0"
        }
      }
    },
    "kubeconform@0.7.0": {
      "last_modified": "2026-07-08T21:13:06Z",
      "resolved": "github:NixOS/nixpkgs/389ed85304b281ca7f306cf8a1eb4378651ca44e#kubeconform",
      "source": "devbox-search",
      "version": "0.7.0",
      "systems": {
        "aarch64-darwin": {
          "outputs": [
            {
              "name": "out",
              "path": "/nix/store/49awzq80i9nhq66r4a46m1a0had2y6g8-kubeconform-0.7.0",
              "default": true
            }
          ],
          "store_path": "/nix/store/49awzq80i9nhq66r4a46m1a0had2y6g8-kubeconform-0.7.0"
        },
        "aarch64-linux": {
          "outputs": [
            {
              "name": "out",
              "path": "/nix/store/xq87gcc2x6wvakx0pv392ynm1w5si3zh-kubeconform-0.7.0",
              "default": true
            }
          ],
          "store_path": "/nix/store/xq87gcc2x6wvakx0pv392ynm1w5si3zh-kubeconform-0.7.0"
        },
        "x86_64-darwin": {
          "outputs": [
            {
              "name": "out",
              "path": "/nix/store/rl6h5bhmfn7jlj8hdqxsjy9527c6dl0n-kubeconform-0.7.0",
              "default": true
            }
          ],
          "store_path": "/nix/store/rl6h5bhmfn7jlj8hdqxsjy9527c6dl0n-kubeconform-0.7.0"
        },
        "x86_64-linux": {
          "outputs": [
            {
              "name": "out",
              "path": "/nix/store/0x9akbfxirs8l3cb2i6dzifm3ikkj2v1-kubeconform-0.7.0",
              "default": true
            }
          ],
          "store_path": "/nix/store/0x9akbfxirs8l3cb2i6dzifm3ikkj2v1-kubeconform-0.7.0"
        }
      }
    },
    "kubectl@1.36.2": {
      "last_modified": "2026-07-23T05:10:05Z",
      "resolved": "github:NixOS/nixpkgs/7525d999cd850b9a488817abc89c75dc733acf17#kubectl",
      "source": "devbox-search",
      "version": "1.36.2",
      "systems": {
        "aarch64-darwin": {
          "outputs": [
            {
              "name": "out",
              "path": "/nix/store/gd535ja3bpcl47mp32skk1f9yx5wjgjr-kubectl-1.36.2",
              "default": true
            },
            {
              "name": "man",
              "path": "/nix/store/jbp0c5v1grjqy00ynsj1qiyb58c5q0ij-kubectl-1.36.2-man",
              "default": true
            },
            {
              "name": "convert",
              "path": "/nix/store/f4vlywq3rbw45f8hbryn33kx6hmkaf51-kubectl-1.36.2-convert"
            }
          ],
          "store_path": "/nix/store/gd535ja3bpcl47mp32skk1f9yx5wjgjr-kubectl-1.36.2"
        },
        "aarch64-linux": {
          "outputs": [
            {
              "name": "out",
              "path": "/nix/store/zfax0c3w00q3qzbp8hbw3an1wy1cr7rd-kubectl-1.36.2",
              "default": true
            },
            {
              "name": "man",
              "path": "/nix/store/s0j4a5i93kgxk1chp9flpz7mwqmzx7n0-kubectl-1.36.2-man",
              "default": true
            },
            {
              "name": "convert",
              "path": "/nix/store/32sq90kwk85vqlgl1nbw7v6wrxh3jlx4-kubectl-1.36.2-convert"
            }
          ],
          "store_path": "/nix/store/zfax0c3w00q3qzbp8hbw3an1wy1cr7rd-kubectl-1.36.2"
        },
        "x86_64-darwin": {
          "outputs": [
            {
              "name": "out",
              "path": "/nix/store/2mzx35a2g3h1n4lpk0p6qm6dl83d2gi6-kubectl-1.36.2",
              "default": true
            },
            {
              "name": "man",
              "path": "/nix/store/8agbav6nsacbxb826wwhy27dckb60hhk-kubectl-1.36.2-man",
              "default": true
            },
            {
              "name": "convert",
              "path": "/nix/store/xavdplccjx28qkqadjgs7mnimc3sizjk-kubectl-1.36.2-convert"
            }
          ],
          "store_path": "/nix/store/2mzx35a2g3h1n4lpk0p6qm6dl83d2gi6-kubectl-1.36.2"
        },
        "x86_64-linux": {
          "outputs": [
            {
              "name": "out",
              "path": "/nix/store/fcpab382l1plra0rqbk0dhznmyl1b1xw-kubectl-1.36.2",
              "default": true
            },
            {
              "name": "man",
              "path": "/nix/store/x6cryrmnqcf1b1ka8ily3xkd8g34lg74-kubectl-1.36.2-man",
              "default": true
            },
            {
              "name": "convert",
              "path": "/nix/store/s1r0prjg7zrsgmcix09bgq5b9chmwik3-kubectl-1.36.2-convert"
            }
          ],
          "store_path": "/nix/store/fcpab382l1plra0rqbk0dhznmyl1b1xw-kubectl-1.36.2"
        }
      }
    },
    "kubernetes-helm@4.2.3": {
      "last_modified": "2026-07-23T05:10:05Z",
      "resolved": "github:NixOS/nixpkgs/7525d999cd850b9a488817abc89c75dc733acf17#kubernetes-helm",
      "source": "devbox-search",
      "version": "4.2.3",
      "systems": {
        "aarch64-darwin": {
          "outputs": [
            {
              "name": "out",
              "path": "/nix/store/pskv3khyizrc09rnqrp6d0wn5pllripx-kubernetes-helm-4.2.3",
              "default": true
            }
          ],
          "store_path": "/nix/store/pskv3khyizrc09rnqrp6d0wn5pllripx-kubernetes-helm-4.2.3"
        },
        "aarch64-linux": {
          "outputs": [
            {
              "name": "out",
              "path": "/nix/store/k99lgyz9k814kr389jirpim37nqpi7qp-kubernetes-helm-4.2.3",
              "default": true
            }
          ],
          "store_path": "/nix/store/k99lgyz9k814kr389jirpim37nqpi7qp-kubernetes-helm-4.2.3"
        },
        "x86_64-linux": {
          "outputs": [
            {
              "name": "out",
              "path": "/nix/store/n1rbyfp9sn0r0gzx4z9lniisiad9h5yq-kubernetes-helm-4.2.3",
              "default": true
            }
          ],
          "store_path": "/nix/store/n1rbyfp9sn0r0gzx4z9lniisiad9h5yq-kubernetes-helm-4.2.3"
        }
      }
    },
    "molecule@26.6.0": {
      "last_modified": "2026-07-23T05:10:05Z",
      "resolved": "github:NixOS/nixpkgs/7525d999cd850b9a488817abc89c75dc733acf17#molecule",
      "source": "devbox-search",
      "version": "26.6.0",
      "systems": {
        "aarch64-darwin": {
          "outputs": [
            {
              "name": "out",
              "path": "/nix/store/40b5sbbsjv4q2yb0s6siy50lw8jrk34p-python3.14-molecule-26.6.0",
              "default": true
            },
            {
              "name": "dist",
              "path": "/nix/store/bb3f496mb73r69i1l7jk9hf12kr5723d-python3.14-molecule-26.6.0-dist"
            }
          ],
          "store_path": "/nix/store/40b5sbbsjv4q2yb0s6siy50lw8jrk34p-python3.14-molecule-26.6.0"
        },
        "aarch64-linux": {
          "outputs": [
            {
              "name": "out",
              "path": "/nix/store/6pcgh6aj023zz3fi6yj03ai41v60myg9-python3.14-molecule-26.6.0",
              "default": true
            },
            {
              "name": "dist",
              "path": "/nix/store/84gkbdldh8zw3sf3dqy4yg0izd918n71-python3.14-molecule-26.6.0-dist"
            }
          ],
          "store_path": "/nix/store/6pcgh6aj023zz3fi6yj03ai41v60myg9-python3.14-molecule-26.6.0"
        },
        "x86_64-darwin": {
          "outputs": [
            {
              "name": "out",
              "path": "/nix/store/3k7v1bwv4hsanfv7q5fhhwrk0jvq4fmm-python3.13-molecule-26.6.0",
              "default": true
            },
            {
              "name": "dist",
              "path": "/nix/store/gjf592qaqh8i53gwz3x6h868lzxa5xkh-python3.13-molecule-26.6.0-dist"
            }
          ],
          "store_path": "/nix/store/3k7v1bwv4hsanfv7q5fhhwrk0jvq4fmm-python3.13-molecule-26.6.0"
        },
        "x86_64-linux": {
          "outputs": [
            {
              "name": "out",
              "path": "/nix/store/bk1iw3xzb9c04vs0fy1vsspgkdndhcqr-python3.14-molecule-26.6.0",
              "default": true
            },
            {
              "name": "dist",
              "path": "/nix/store/2p9vf96rcrwypxjnsw1l8fviadm0y0fh-python3.14-molecule-26.6.0-dist"
            }
          ],
          "store_path": "/nix/store/bk1iw3xzb9c04vs0fy1vsspgkdndhcqr-python3.14-molecule-26.6.0"
        }
      }
    },
    "nodejs@25.9.0": {
      "last_modified": "2026-04-23T13:07:47Z",
      "plugin_version": "0.0.4",
      "resolved": "github:NixOS/nixpkgs/01fbdeef22b76df85ea168fbfe1bfd9e63681b30#nodejs_25",
      "source": "devbox-search",
      "version": "25.9.0",
      "systems": {
        "aarch64-darwin": {
          "outputs": [
            {
              "name": "out",
              "path": "/nix/store/lk0q06f44l3p5ajzpnqhs6bwwpf7j7ny-nodejs-25.9.0",
              "default": true
            }
          ],
          "store_path": "/nix/store/lk0q06f44l3p5ajzpnqhs6bwwpf7j7ny-nodejs-25.9.0"
        },
        "aarch64-linux": {
          "outputs": [
            {
              "name": "out",
              "path": "/nix/store/kqhlmkz7y5id7l02d2pjid61jh6a1zc5-nodejs-25.9.0",
              "default": true
            }
          ],
          "store_path": "/nix/store/kqhlmkz7y5id7l02d2pjid61jh6a1zc5-nodejs-25.9.0"
        },
        "x86_64-darwin": {
          "outputs": [
            {
              "name": "out",
              "path": "/nix/store/6js5ig13hfm2b9vif9325slzl590l0yr-nodejs-25.9.0",
              "default": true
            }
          ],
          "store_path": "/nix/store/6js5ig13hfm2b9vif9325slzl590l0yr-nodejs-25.9.0"
        },
        "x86_64-linux": {
          "outputs": [
            {
              "name": "out",
              "path": "/nix/store/qvw3cs7p2aipxsmyvwf9xr5ffvmwjkh1-nodejs-25.9.0",
              "default": true
            }
          ],
          "store_path": "/nix/store/qvw3cs7p2aipxsmyvwf9xr5ffvmwjkh1-nodejs-25.9.0"
        }
      }
    },
    "opentofu@1.12.4": {
      "last_modified": "2026-07-14T18:49:32Z",
      "resolved": "github:NixOS/nixpkgs/3889d66586e664adc76aa5c242331d3d71786187#opentofu",
      "source": "devbox-search",
      "version": "1.12.4",
      "systems": {
        "aarch64-darwin": {
          "outputs": [
            {
              "name": "out",
              "path": "/nix/store/ixj5rfa6klq6clhqvmhqkr0ba322pkgp-opentofu-1.12.4",
              "default": true
            }
          ],
          "store_path": "/nix/store/ixj5rfa6klq6clhqvmhqkr0ba322pkgp-opentofu-1.12.4"
        },
        "aarch64-linux": {
          "outputs": [
            {
              "name": "out",
              "path": "/nix/store/0r274qa9dwyg2dww7c29l9c1s62gqppb-opentofu-1.12.4",
              "default": true
            }
          ],
          "store_path": "/nix/store/0r274qa9dwyg2dww7c29l9c1s62gqppb-opentofu-1.12.4"
        },
        "x86_64-linux": {
          "outputs": [
            {
              "name": "out",
              "path": "/nix/store/ypjys1z1rj0df3aa3rm7xi2p87kcjn8y-opentofu-1.12.4",
              "default": true
            }
          ],
          "store_path": "/nix/store/ypjys1z1rj0df3aa3rm7xi2p87kcjn8y-opentofu-1.12.4"
        }
      }
    },
    "pre-commit@4.5.1": {
      "last_modified": "2026-07-16T04:38:10Z",
      "resolved": "github:NixOS/nixpkgs/6368bc923cec55a5f78960ade0cb4dd99580e087#pre-commit",
      "source": "devbox-search",
      "version": "4.5.1",
      "systems": {
        "aarch64-darwin": {
          "outputs": [
            {
              "name": "out",
              "path": "/nix/store/8mfgjmy794c9qqfkcw9823dzky0xzq5d-pre-commit-4.5.1",
              "default": true
            },
            {
              "name": "dist",
              "path": "/nix/store/0lcvv6k1i2pbydiwc6flgkk4ms4h5vd4-pre-commit-4.5.1-dist"
            }
          ],
          "store_path": "/nix/store/8mfgjmy794c9qqfkcw9823dzky0xzq5d-pre-commit-4.5.1"
        },
        "aarch64-linux": {
          "outputs": [
            {
              "name": "out",
              "path": "/nix/store/jllcb0s4jwa58dqpmfi4xf17hr1shymj-pre-commit-4.5.1",
              "default": true
            },
            {
              "name": "dist",
              "path": "/nix/store/0k89c1mycy90cyq8y5mgs74cra643p98-pre-commit-4.5.1-dist"
            }
          ],
          "store_path": "/nix/store/jllcb0s4jwa58dqpmfi4xf17hr1shymj-pre-commit-4.5.1"
        },
        "x86_64-darwin": {
          "outputs": [
            {
              "name": "out",
              "path": "/nix/store/51i9rjiyhdnxd96rp3cc8ykhcld7zhqq-pre-commit-4.5.1",
              "default": true
            },
            {
              "name": "dist",
              "path": "/nix/store/hphzzlh3q6nz74px0mq2a1h7yqkyr35b-pre-commit-4.5.1-dist"
            }
          ],
          "store_path": "/nix/store/51i9rjiyhdnxd96rp3cc8ykhcld7zhqq-pre-commit-4.5.1"
        },
        "x86_64-linux": {
          "outputs": [
            {
              "name": "out",
              "path": "/nix/store/9ldykp2kvir7iv1hd81vm7iv9nxggc0q-pre-commit-4.5.1",
              "default": true
            },
            {
              "name": "dist",
              "path": "/nix/store/nx10s2g8xdks461l1bzsm0dp79q08va0-pre-commit-4.5.1-dist"
            }
          ],
          "store_path": "/nix/store/9ldykp2kvir7iv1hd81vm7iv9nxggc0q-pre-commit-4.5.1"
        }
      }
    },
    "renovate@43.214.1": {
      "last_modified": "2026-07-23T05:10:05Z",
      "resolved": "github:NixOS/nixpkgs/7525d999cd850b9a488817abc89c75dc733acf17#renovate",
      "source": "devbox-search",
      "version": "43.214.1",
      "systems": {
        "aarch64-darwin": {
          "outputs": [
            {
              "name": "out",
              "path": "/nix/store/x2nrhz463100xv72ljybbpfh3qlk56h4-renovate-43.214.1",
              "default": true
            }
          ],
          "store_path": "/nix/store/x2nrhz463100xv72ljybbpfh3qlk56h4-renovate-43.214.1"
        },
        "aarch64-linux": {
          "outputs": [
            {
              "name": "out",
              "path": "/nix/store/vpfjsj49f60bi12i6z25y3b756phn9rv-renovate-43.214.1",
              "default": true
            }
          ],
          "store_path": "/nix/store/vpfjsj49f60bi12i6z25y3b756phn9rv-renovate-43.214.1"
        },
        "x86_64-darwin": {
          "outputs": [
            {
              "name": "out",
              "path": "/nix/store/zp2szwdchncqviv4rjhs20amyb8hmi2d-renovate-43.214.1",
              "default": true
            }
          ],
          "store_path": "/nix/store/zp2szwdchncqviv4rjhs20amyb8hmi2d-renovate-43.214.1"
        },
        "x86_64-linux": {
          "outputs": [
            {
              "name": "out",
              "path": "/nix/store/qigzgngkr7z08m06z8dd03k0ymb3wnsf-renovate-43.214.1",
              "default": true
            }
          ],
          "store_path": "/nix/store/qigzgngkr7z08m06z8dd03k0ymb3wnsf-renovate-43.214.1"
        }
      }
    },
    "talosctl@1.13.5": {
      "last_modified": "2026-07-08T21:13:06Z",
      "resolved": "github:NixOS/nixpkgs/389ed85304b281ca7f306cf8a1eb4378651ca44e#talosctl",
      "source": "devbox-search",
      "version": "1.13.5",
      "systems": {
        "aarch64-darwin": {
          "outputs": [
            {
              "name": "out",
              "path": "/nix/store/hrgfahswp772wd71icjl17gicm918pkh-talosctl-1.13.5",
              "default": true
            }
          ],
          "store_path": "/nix/store/hrgfahswp772wd71icjl17gicm918pkh-talosctl-1.13.5"
        },
        "aarch64-linux": {
          "outputs": [
            {
              "name": "out",
              "path": "/nix/store/wqz8x0p51z5w3cn5v88xpq2x9pfmni9p-talosctl-1.13.5",
              "default": true
            }
          ],
          "store_path": "/nix/store/wqz8x0p51z5w3cn5v88xpq2x9pfmni9p-talosctl-1.13.5"
        },
        "x86_64-darwin": {
          "outputs": [
            {
              "name": "out",
              "path": "/nix/store/lv4kn8i8fkpgbsl11d1xvv2h037gkyj7-talosctl-1.13.5",
              "default": true
            }
          ],
          "store_path": "/nix/store/lv4kn8i8fkpgbsl11d1xvv2h037gkyj7-talosctl-1.13.5"
        },
        "x86_64-linux": {
          "outputs": [
            {
              "name": "out",
              "path": "/nix/store/xl3is2rwx51drnsfhynla14a4clzzixm-talosctl-1.13.5",
              "default": true
            }
          ],
          "store_path": "/nix/store/xl3is2rwx51drnsfhynla14a4clzzixm-talosctl-1.13.5"
        }
      }
    },
    "terraform@1.14.9": {
      "last_modified": "2026-04-23T13:07:47Z",
      "resolved": "github:NixOS/nixpkgs/01fbdeef22b76df85ea168fbfe1bfd9e63681b30#terraform",
      "source": "devbox-search",
      "version": "1.14.9",
      "systems": {
        "aarch64-darwin": {
          "outputs": [
            {
              "name": "out",
              "path": "/nix/store/599ha3dq1mn0k8p93gmvisll138n0xws-terraform-1.14.9",
              "default": true
            }
          ],
          "store_path": "/nix/store/599ha3dq1mn0k8p93gmvisll138n0xws-terraform-1.14.9"
        },
        "aarch64-linux": {
          "outputs": [
            {
              "name": "out",
              "path": "/nix/store/4w4rp0435dfy1407np47ry0b15r5w9k0-terraform-1.14.9",
              "default": true
            }
          ],
          "store_path": "/nix/store/4w4rp0435dfy1407np47ry0b15r5w9k0-terraform-1.14.9"
        },
        "x86_64-darwin": {
          "outputs": [
            {
              "name": "out",
              "path": "/nix/store/hr2kldlgaxf4gb918i386cm9w8xnaif9-terraform-1.14.9",
              "default": true
            }
          ],
          "store_path": "/nix/store/hr2kldlgaxf4gb918i386cm9w8xnaif9-terraform-1.14.9"
        },
        "x86_64-linux": {
          "outputs": [
            {
              "name": "out",
              "path": "/nix/store/mjrd83by016cxblwh5aja645jnh3qmbj-terraform-1.14.9",
              "default": true
            }
          ],
          "store_path": "/nix/store/mjrd83by016cxblwh5aja645jnh3qmbj-terraform-1.14.9"
        }
      }
    },
    "terragrunt@1.0.4": {
      "last_modified": "2026-07-08T21:13:06Z",
      "resolved": "github:NixOS/nixpkgs/389ed85304b281ca7f306cf8a1eb4378651ca44e#terragrunt",
      "source": "devbox-search",
      "version": "1.0.4",
      "systems": {
        "aarch64-darwin": {
          "outputs": [
            {
              "name": "out",
              "path": "/nix/store/ifsp76f4dx2nhbml4j5jadc2v332kvhr-terragrunt-1.0.4",
              "default": true
            }
          ],
          "store_path": "/nix/store/ifsp76f4dx2nhbml4j5jadc2v332kvhr-terragrunt-1.0.4"
        },
        "aarch64-linux": {
          "outputs": [
            {
              "name": "out",
              "path": "/nix/store/zjmsfycb8zjfql5sbhdm8jpjb521gr76-terragrunt-1.0.4",
              "default": true
            }
          ],
          "store_path": "/nix/store/zjmsfycb8zjfql5sbhdm8jpjb521gr76-terragrunt-1.0.4"
        },
        "x86_64-darwin": {
          "outputs": [
            {
              "name": "out",
              "path": "/nix/store/gb3h2zgni0gw2612ssjlw4d80k2xjfg3-terragrunt-1.0.4",
              "default": true
            }
          ],
          "store_path": "/nix/store/gb3h2zgni0gw2612ssjlw4d80k2xjfg3-terragrunt-1.0.4"
        },
        "x86_64-linux": {
          "outputs": [
            {
              "name": "out",
              "path": "/nix/store/wl5b8yg95gf8xrzdq7m1ablnkjvz0vw1-terragrunt-1.0.4",
              "default": true
            }
          ],
          "store_path": "/nix/store/wl5b8yg95gf8xrzdq7m1ablnkjvz0vw1-terragrunt-1.0.4"
        }
      }
    },
    "tflint@0.63.1": {
      "last_modified": "2026-07-23T05:10:05Z",
      "resolved": "github:NixOS/nixpkgs/7525d999cd850b9a488817abc89c75dc733acf17#tflint",
      "source": "devbox-search",
      "version": "0.63.1",
      "systems": {
        "aarch64-darwin": {
          "outputs": [
            {
              "name": "out",
              "path": "/nix/store/1hh847vpaxbh9jciqkbw4kfirsbjhqpi-tflint-0.63.1",
              "default": true
            }
          ],
          "store_path": "/nix/store/1hh847vpaxbh9jciqkbw4kfirsbjhqpi-tflint-0.63.1"
        },
        "aarch64-linux": {
          "outputs": [
            {
              "name": "out",
              "path": "/nix/store/jsw25ll4glcrqnfikgj7hdp959byqhxi-tflint-0.63.1",
              "default": true
            }
          ],
          "store_path": "/nix/store/jsw25ll4glcrqnfikgj7hdp959byqhxi-tflint-0.63.1"
        },
        "x86_64-linux": {
          "outputs": [
            {
              "name": "out",
              "path": "/nix/store/jgqkjwgvaa3kjkcv8dv8pfhdnv0pjyqr-tflint-0.63.1",
              "default": true
            }
          ],
          "store_path": "/nix/store/jgqkjwgvaa3kjkcv8dv8pfhdnv0pjyqr-tflint-0.63.1"
        }
      }
    },
    "uv@0.11.28": {
      "last_modified": "2026-07-23T05:10:05Z",
      "resolved": "github:NixOS/nixpkgs/7525d999cd850b9a488817abc89c75dc733acf17#uv",
      "source": "devbox-search",
      "version": "0.11.28",
      "systems": {
        "aarch64-darwin": {
          "outputs": [
            {
              "name": "out",
              "path": "/nix/store/yn36m1y6l2kmhx1dkqsmy3kf6acx77mz-uv-0.11.28",
              "default": true
            }
          ],
          "store_path": "/nix/store/yn36m1y6l2kmhx1dkqsmy3kf6acx77mz-uv-0.11.28"
        },
        "aarch64-linux": {
          "outputs": [
            {
              "name": "out",
              "path": "/nix/store/lj1akylx79l52f6yp3j2a55gf7s7vhx1-uv-0.11.28",
              "default": true
            }
          ],
          "store_path": "/nix/store/lj1akylx79l52f6yp3j2a55gf7s7vhx1-uv-0.11.28"
        },
        "x86_64-linux": {
          "outputs": [
            {
              "name": "out",
              "path": "/nix/store/zrq88ys031mx35ib1lb3xahcm4dsq71r-uv-0.11.28",
              "default": true
            }
          ],
          "store_path": "/nix/store/zrq88ys031mx35ib1lb3xahcm4dsq71r-uv-0.11.28"
        }
      }
    }
  }
}
