{
  "lockfile_version": "1",
  "packages": {
    "ansible-lint@25.8.2": {
      "last_modified": "2026-07-23T05:10:05Z",
      "resolved": "github:NixOS/nixpkgs/7525d999cd850b9a488817abc89c75dc733acf17#ansible-lint",
      "source": "devbox-search",
      "version": "25.8.2",
      "systems": {
        "aarch64-darwin": {
          "outputs": [
            {
              "name": "out",
              "path": "/nix/store/xr4rc4w5y5gimp7s99qbayy1h81hh582-ansible-lint-25.8.2",
              "default": true
            },
            {
              "name": "dist",
              "path": "/nix/store/9055ldzx0va9s0sga8k82dfxpcg6cwwn-ansible-lint-25.8.2-dist"
            }
          ],
          "store_path": "/nix/store/xr4rc4w5y5gimp7s99qbayy1h81hh582-ansible-lint-25.8.2"
        },
        "aarch64-linux": {
          "outputs": [
            {
              "name": "out",
              "path": "/nix/store/57h7553wlmf6h0xm1hqlmk216z8m7gjn-ansible-lint-25.8.2",
              "default": true
            },
            {
              "name": "dist",
              "path": "/nix/store/lgzxq0agaapj56s5kcxl77chdm8mrrvl-ansible-lint-25.8.2-dist"
            }
          ],
          "store_path": "/nix/store/57h7553wlmf6h0xm1hqlmk216z8m7gjn-ansible-lint-25.8.2"
        },
        "x86_64-darwin": {
          "outputs": [
            {
              "name": "out",
              "path": "/nix/store/mhgajzzpprc8i67i4523wmyf8iwapgpy-ansible-lint-25.8.2",
              "default": true
            },
            {
              "name": "dist",
              "path": "/nix/store/crh61azbn7cr5abymv8dzs8afyg82011-ansible-lint-25.8.2-dist"
            }
          ],
          "store_path": "/nix/store/mhgajzzpprc8i67i4523wmyf8iwapgpy-ansible-lint-25.8.2"
        },
        "x86_64-linux": {
          "outputs": [
            {
              "name": "out",
              "path": "/nix/store/m5cc6zhkrrd4aklhrq1vdl4xpamg8286-ansible-lint-25.8.2",
              "default": true
            },
            {
              "name": "dist",
              "path": "/nix/store/cx91hjd4a2algkhyrrpgsfwz3wq1f444-ansible-lint-25.8.2-dist"
            }
          ],
          "store_path": "/nix/store/m5cc6zhkrrd4aklhrq1vdl4xpamg8286-ansible-lint-25.8.2"
        }
      }
    },
    "ansible@2.21.1": {
      "last_modified": "2026-07-23T05:10:05Z",
      "resolved": "github:NixOS/nixpkgs/7525d999cd850b9a488817abc89c75dc733acf17#ansible",
      "source": "devbox-search",
      "version": "2.21.1",
      "systems": {
        "aarch64-darwin": {
          "outputs": [
            {
              "name": "out",
              "path": "/nix/store/qrm6ml935563fwkny8rjzk782anr9fzp-python3.14-ansible-core-2.21.1",
              "default": true
            },
            {
              "name": "dist",
              "path": "/nix/store/78nwrh2w9bd1xdmj7p3l6rcbd2qbiz5v-python3.14-ansible-core-2.21.1-dist"
            }
          ],
          "store_path": "/nix/store/qrm6ml935563fwkny8rjzk782anr9fzp-python3.14-ansible-core-2.21.1"
        },
        "aarch64-linux": {
          "outputs": [
            {
              "name": "out",
              "path": "/nix/store/bm4yx1jhp5712x1iz6j2srs8qcca89gk-python3.14-ansible-core-2.21.1",
              "default": true
            },
            {
              "name": "dist",
              "path": "/nix/store/1gimpiki7p0alwrliar47mqm8bz4nfv7-python3.14-ansible-core-2.21.1-dist"
            }
          ],
          "store_path": "/nix/store/bm4yx1jhp5712x1iz6j2srs8qcca89gk-python3.14-ansible-core-2.21.1"
        },
        "x86_64-darwin": {
          "outputs": [
            {
              "name": "out",
              "path": "/nix/store/291ym9bdzf65w9bij0n7hgih9np4lzd4-python3.13-ansible-core-2.21.1",
              "default": true
            },
            {
              "name": "dist",
              "path": "/nix/store/zpsfwv55vvv228rm95yvvw3i1q5j26jy-python3.13-ansible-core-2.21.1-dist"
            }
          ],
          "store_path": "/nix/store/291ym9bdzf65w9bij0n7hgih9np4lzd4-python3.13-ansible-core-2.21.1"
        },
        "x86_64-linux": {
          "outputs": [
            {
              "name": "out",
              "path": "/nix/store/ym9il1lwv1k4i5xiv6j08847hjvlqsll-python3.14-ansible-core-2.21.1",
              "default": true
            },
            {
              "name": "dist",
              "path": "/nix/store/nm3r68ps1mb7qxb55rgv36s7v0yvmzmf-python3.14-ansible-core-2.21.1-dist"
            }
          ],
          "store_path": "/nix/store/ym9il1lwv1k4i5xiv6j08847hjvlqsll-python3.14-ansible-core-2.21.1"
        }
      }
    },
    "github:NixOS/nixpkgs/nixpkgs-unstable": {
      "last_modified": "2026-07-26T16:08:32Z",
      "resolved": "github:NixOS/nixpkgs/e318e6adc497b5e8a5ac433c6c6ed21ecdab9029?lastModified=1785082112&narHash=sha256-Y7z%2FnrPajIJyVDd9z53ZPZGm0HU%2Bkej16Pwt2cNYI0A%3D"
    },
    "helm-docs@1.14.2": {
      "last_modified": "2026-07-23T05:10:05Z",
      "resolved": "github:NixOS/nixpkgs/7525d999cd850b9a488817abc89c75dc733acf17#helm-docs",
      "source": "devbox-search",
      "version": "1.14.2",
      "systems": {
        "aarch64-darwin": {
          "outputs": [
            {
              "name": "out",
              "path": "/nix/store/iha9x252czxiz301bgnx5c1myi8m5svn-helm-docs-1.14.2",
              "default": true
            }
          ],
          "store_path": "/nix/store/iha9x252czxiz301bgnx5c1myi8m5svn-helm-docs-1.14.2"
        },
        "aarch64-linux": {
          "outputs": [
            {
              "name": "out",
              "path": "/nix/store/mc3ga2xrd565cwk39bm244q0fy5ffs0h-helm-docs-1.14.2",
              "default": true
            }
          ],
          "store_path": "/nix/store/mc3ga2xrd565cwk39bm244q0fy5ffs0h-helm-docs-1.14.2"
        },
        "x86_64-darwin": {
          "outputs": [
            {
              "name": "out",
              "path": "/nix/store/jqrqdlym18aindf0palq4chr2ja7w455-helm-docs-1.14.2",
              "default": true
            }
          ],
          "store_path": "/nix/store/jqrqdlym18aindf0palq4chr2ja7w455-helm-docs-1.14.2"
        },
        "x86_64-linux": {
          "outputs": [
            {
              "name": "out",
              "path": "/nix/store/3bhjb3ac35ma6ahcabiczd156aw4bspq-helm-docs-1.14.2",
              "default": true
            }
          ],
          "store_path": "/nix/store/3bhjb3ac35ma6ahcabiczd156aw4bspq-helm-docs-1.14.2"
        }
      }
    },
    "jq@1.8.2": {
      "last_modified": "2026-07-23T13:11:22Z",
      "resolved": "github:NixOS/nixpkgs/6d12004108e0e4a5cfa4bd83b14477f040b15773#jq",
      "source": "devbox-search",
      "version": "1.8.2",
      "systems": {
        "aarch64-darwin": {
          "outputs": [
            {
              "name": "bin",
              "path": "/nix/store/1fi2mymhcrnjf4cz0z69plamcdqfnary-jq-1.8.2-bin",
              "default": true
            },
            {
              "name": "man",
              "path": "/nix/store/yl5bdw2pcn90ldqq7r3siwv9wbbkwd8v-jq-1.8.2-man",
              "default": true
            },
            {
              "name": "dev",
              "path": "/nix/store/i8qqb6bphlk58b71077fmadwbq15f1fx-jq-1.8.2-dev"
            },
            {
              "name": "doc",
              "path": "/nix/store/g2j9dyv54j9cdil6ixmwhcmk9p1hs4p4-jq-1.8.2-doc"
            },
            {
              "name": "out",
              "path": "/nix/store/swk3im3b74m5mq3fz70liv0a41gq5bg9-jq-1.8.2"
            }
          ],
          "store_path": "/nix/store/1fi2mymhcrnjf4cz0z69plamcdqfnary-jq-1.8.2-bin"
        },
        "aarch64-linux": {
          "outputs": [
            {
              "name": "bin",
              "path": "/nix/store/l18as28b4wwqds62yqci9l8xhhdhf78l-jq-1.8.2-bin",
              "default": true
            },
            {
              "name": "man",
              "path": "/nix/store/d4213dzz6zg89ga8dbnia2hjbzdcrdfh-jq-1.8.2-man",
              "default": true
            },
            {
              "name": "dev",
              "path": "/nix/store/n82y4hrj0kzw66q0c630r72a2vkf21p8-jq-1.8.2-dev"
            },
            {
              "name": "doc",
              "path": "/nix/store/5dq5m09dlqhm2nxaxqqmffdhzy7sp809-jq-1.8.2-doc"
            },
            {
              "name": "out",
              "path": "/nix/store/97hmn17vbpx0l0wbi4jc6hwr3pyy2zz3-jq-1.8.2"
            }
          ],
          "store_path": "/nix/store/l18as28b4wwqds62yqci9l8xhhdhf78l-jq-1.8.2-bin"
        },
        "x86_64-linux": {
          "outputs": [
            {
              "name": "bin",
              "path": "/nix/store/qqd37kj25f68wxmr9rg05850y9daxbrp-jq-1.8.2-bin",
              "default": true
            },
            {
              "name": "man",
              "path": "/nix/store/9bgnz6r8fb7kk09dzz94wf13lkz2rbbq-jq-1.8.2-man",
              "default": true
            },
            {
              "name": "dev",
              "path": "/nix/store/k39ljkrhbwjb1mahd45zk2w4x34d1345-jq-1.8.2-dev"
            },
            {
              "name": "doc",
              "path": "/nix/store/gygm29lm9w8c392lrk5a94izcghnk0n4-jq-1.8.2-doc"
            },
            {
              "name": "out",
              "path": "/nix/store/s75d4pw16pipr7xqczdw3mg5950cr8mk-jq-1.8.2"
            }
          ],
          "store_path": "/nix/store/qqd37kj25f68wxmr9rg05850y9daxbrp-jq-1.8.2-bin"
        }
      }
    },
    "just@1.57.0": {
      "last_modified": "2026-07-23T05:10:05Z",
      "resolved": "github:NixOS/nixpkgs/7525d999cd850b9a488817abc89c75dc733acf17#just",
      "source": "devbox-search",
      "version": "1.57.0",
      "systems": {
        "aarch64-darwin": {
          "outputs": [
            {
              "name": "out",
              "path": "/nix/store/197vj26rr8fsd93dzmwmwvjcqw7v24bk-just-1.57.0",
              "default": true
            },
            {
              "name": "man",
              "path": "/nix/store/0ff1nnr1rg6mnfmcprr9a4lg1ar7jby9-just-1.57.0-man",
              "default": true
            },
            {
              "name": "doc",
              "path": "/nix/store/jzbx2s1nzz7b9cinck1s0w54gr7g8q6x-just-1.57.0-doc"
            }
          ],
          "store_path": "/nix/store/197vj26rr8fsd93dzmwmwvjcqw7v24bk-just-1.57.0"
        },
        "aarch64-linux": {
          "outputs": [
            {
              "name": "out",
              "path": "/nix/store/ijj0f7avjl3lcahj3pq1prz32mcv1l8p-just-1.57.0",
              "default": true
            },
            {
              "name": "man",
              "path": "/nix/store/j5wx4dh05fp7gmziwv48j3n222iavl1j-just-1.57.0-man",
              "default": true
            },
            {
              "name": "doc",
              "path": "/nix/store/3a2icqfmckpph7a53rscxd70yzx13ai0-just-1.57.0-doc"
            }
          ],
          "store_path": "/nix/store/ijj0f7avjl3lcahj3pq1prz32mcv1l8p-just-1.57.0"
        },
        "x86_64-linux": {
          "outputs": [
            {
              "name": "out",
              "path": "/nix/store/70h070nb8c1l202a4gn58n6mxapbjhl9-just-1.57.0",
              "default": true
            },
            {
              "name": "man",
              "path": "/nix/store/5jqyaddlkly9bng1f3i2migfxp7fs7s0-just-1.57.0-man",
              "default": true
            },
            {
              "name": "doc",
              "path": "/nix/store/hazpa6bzrgc46bbf279wq15dasrid1hj-just-1.57.0-doc"
            }
          ],
          "store_path": "/nix/store/70h070nb8c1l202a4gn58n6mxapbjhl9-just-1.57.0"
        }
      }
    },
    "k9s@0.51.0": {
      "last_modified": "2026-07-23T05:10:05Z",
      "resolved": "github:NixOS/nixpkgs/7525d999cd850b9a488817abc89c75dc733acf17#k9s",
      "source": "devbox-search",
      "version": "0.51.0",
      "systems": {
        "aarch64-darwin": {
          "outputs": [
            {
              "name": "out",
              "path": "/nix/store/0agfzi87wqjpy50iq6kwlgrlix2vzp5x-k9s-0.51.0",
              "default": true
            }
          ],
          "store_path": "/nix/store/0agfzi87wqjpy50iq6kwlgrlix2vzp5x-k9s-0.51.0"
        },
        "aarch64-linux": {
          "outputs": [
            {
              "name": "out",
              "path": "/nix/store/mkifhlnnn1lzvv4i7q42hjccs4wymbxk-k9s-0.51.0",
              "default": true
            }
          ],
          "store_path": "/nix/store/mkifhlnnn1lzvv4i7q42hjccs4wymbxk-k9s-0.51.0"
        },
        "x86_64-darwin": {
          "outputs": [
            {
              "name": "out",
              "path": "/nix/store/b8x9cy329sqgznfv0im37nddbsphjx2m-k9s-0.51.0",
              "default": true
            }
          ],
          "store_path": "/nix/store/b8x9cy329sqgznfv0im37nddbsphjx2m-k9s-0.51.0"
        },
        "x86_64-linux": {
          "outputs": [
            {
              "name": "out",
              "path": "/nix/store/0dmxnhjyxkamf3j3sizjdlmhdga6acbc-k9s-0.51.0",
              "default": true
            }
          ],
          "store_path": "/nix/store/0dmxnhjyxkamf3j3sizjdlmhdga6acbc-k9s-0.51.0"
        }
      }
    },
    "kubeconform@0.7.0": {
      "last_modified": "2026-07-23T05:10:05Z",
      "resolved": "github:NixOS/nixpkgs/7525d999cd850b9a488817abc89c75dc733acf17#kubeconform",
      "source": "devbox-search",
      "version": "0.7.0",
      "systems": {
        "aarch64-darwin": {
          "outputs": [
            {
              "name": "out",
              "path": "/nix/store/yagk2cgfliqhc98c8xdqbgzi7saxhqhd-kubeconform-0.7.0",
              "default": true
            }
          ],
          "store_path": "/nix/store/yagk2cgfliqhc98c8xdqbgzi7saxhqhd-kubeconform-0.7.0"
        },
        "aarch64-linux": {
          "outputs": [
            {
              "name": "out",
              "path": "/nix/store/jijv6v4zph8k7jicylzrkgnkdpnxx1r8-kubeconform-0.7.0",
              "default": true
            }
          ],
          "store_path": "/nix/store/jijv6v4zph8k7jicylzrkgnkdpnxx1r8-kubeconform-0.7.0"
        },
        "x86_64-darwin": {
          "outputs": [
            {
              "name": "out",
              "path": "/nix/store/rl6h5bhmfn7jlj8hdqxsjy9527c6dl0n-kubeconform-0.7.0",
              "default": true
            }
          ],
          "store_path": "/nix/store/rl6h5bhmfn7jlj8hdqxsjy9527c6dl0n-kubeconform-0.7.0"
        },
        "x86_64-linux": {
          "outputs": [
            {
              "name": "out",
              "path": "/nix/store/ayx0jsnncc0rhpm1hwbkx1snc3zb0mc1-kubeconform-0.7.0",
              "default": true
            }
          ],
          "store_path": "/nix/store/ayx0jsnncc0rhpm1hwbkx1snc3zb0mc1-kubeconform-0.7.0"
        }
      }
    },
    "kubectl@1.36.2": {
      "last_modified": "2026-07-23T05:10:05Z",
      "resolved": "github:NixOS/nixpkgs/7525d999cd850b9a488817abc89c75dc733acf17#kubectl",
      "source": "devbox-search",
      "version": "1.36.2",
      "systems": {
        "aarch64-darwin": {
          "outputs": [
            {
              "name": "out",
              "path": "/nix/store/gd535ja3bpcl47mp32skk1f9yx5wjgjr-kubectl-1.36.2",
              "default": true
            },
            {
              "name": "man",
              "path": "/nix/store/jbp0c5v1grjqy00ynsj1qiyb58c5q0ij-kubectl-1.36.2-man",
              "default": true
            },
            {
              "name": "convert",
              "path": "/nix/store/f4vlywq3rbw45f8hbryn33kx6hmkaf51-kubectl-1.36.2-convert"
            }
          ],
          "store_path": "/nix/store/gd535ja3bpcl47mp32skk1f9yx5wjgjr-kubectl-1.36.2"
        },
        "aarch64-linux": {
          "outputs": [
            {
              "name": "out",
              "path": "/nix/store/zfax0c3w00q3qzbp8hbw3an1wy1cr7rd-kubectl-1.36.2",
              "default": true
            },
            {
              "name": "man",
              "path": "/nix/store/s0j4a5i93kgxk1chp9flpz7mwqmzx7n0-kubectl-1.36.2-man",
              "default": true
            },
            {
              "name": "convert",
              "path": "/nix/store/32sq90kwk85vqlgl1nbw7v6wrxh3jlx4-kubectl-1.36.2-convert"
            }
          ],
          "store_path": "/nix/store/zfax0c3w00q3qzbp8hbw3an1wy1cr7rd-kubectl-1.36.2"
        },
        "x86_64-darwin": {
          "outputs": [
            {
              "name": "out",
              "path": "/nix/store/2mzx35a2g3h1n4lpk0p6qm6dl83d2gi6-kubectl-1.36.2",
              "default": true
            },
            {
              "name": "man",
              "path": "/nix/store/8agbav6nsacbxb826wwhy27dckb60hhk-kubectl-1.36.2-man",
              "default": true
            },
            {
              "name": "convert",
              "path": "/nix/store/xavdplccjx28qkqadjgs7mnimc3sizjk-kubectl-1.36.2-convert"
            }
          ],
          "store_path": "/nix/store/2mzx35a2g3h1n4lpk0p6qm6dl83d2gi6-kubectl-1.36.2"
        },
        "x86_64-linux": {
          "outputs": [
            {
              "name": "out",
              "path": "/nix/store/fcpab382l1plra0rqbk0dhznmyl1b1xw-kubectl-1.36.2",
              "default": true
            },
            {
              "name": "man",
              "path": "/nix/store/x6cryrmnqcf1b1ka8ily3xkd8g34lg74-kubectl-1.36.2-man",
              "default": true
            },
            {
              "name": "convert",
              "path": "/nix/store/s1r0prjg7zrsgmcix09bgq5b9chmwik3-kubectl-1.36.2-convert"
            }
          ],
          "store_path": "/nix/store/fcpab382l1plra0rqbk0dhznmyl1b1xw-kubectl-1.36.2"
        }
      }
    },
    "kubernetes-helm@4.2.3": {
      "last_modified": "2026-07-23T05:10:05Z",
      "resolved": "github:NixOS/nixpkgs/7525d999cd850b9a488817abc89c75dc733acf17#kubernetes-helm",
      "source": "devbox-search",
      "version": "4.2.3",
      "systems": {
        "aarch64-darwin": {
          "outputs": [
            {
              "name": "out",
              "path": "/nix/store/pskv3khyizrc09rnqrp6d0wn5pllripx-kubernetes-helm-4.2.3",
              "default": true
            }
          ],
          "store_path": "/nix/store/pskv3khyizrc09rnqrp6d0wn5pllripx-kubernetes-helm-4.2.3"
        },
        "aarch64-linux": {
          "outputs": [
            {
              "name": "out",
              "path": "/nix/store/k99lgyz9k814kr389jirpim37nqpi7qp-kubernetes-helm-4.2.3",
              "default": true
            }
          ],
          "store_path": "/nix/store/k99lgyz9k814kr389jirpim37nqpi7qp-kubernetes-helm-4.2.3"
        },
        "x86_64-linux": {
          "outputs": [
            {
              "name": "out",
              "path": "/nix/store/n1rbyfp9sn0r0gzx4z9lniisiad9h5yq-kubernetes-helm-4.2.3",
              "default": true
            }
          ],
          "store_path": "/nix/store/n1rbyfp9sn0r0gzx4z9lniisiad9h5yq-kubernetes-helm-4.2.3"
        }
      }
    },
    "molecule@26.6.0": {
      "last_modified": "2026-07-23T05:10:05Z",
      "resolved": "github:NixOS/nixpkgs/7525d999cd850b9a488817abc89c75dc733acf17#molecule",
      "source": "devbox-search",
      "version": "26.6.0",
      "systems": {
        "aarch64-darwin": {
          "outputs": [
            {
              "name": "out",
              "path": "/nix/store/40b5sbbsjv4q2yb0s6siy50lw8jrk34p-python3.14-molecule-26.6.0",
              "default": true
            },
            {
              "name": "dist",
              "path": "/nix/store/bb3f496mb73r69i1l7jk9hf12kr5723d-python3.14-molecule-26.6.0-dist"
            }
          ],
          "store_path": "/nix/store/40b5sbbsjv4q2yb0s6siy50lw8jrk34p-python3.14-molecule-26.6.0"
        },
        "aarch64-linux": {
          "outputs": [
            {
              "name": "out",
              "path": "/nix/store/6pcgh6aj023zz3fi6yj03ai41v60myg9-python3.14-molecule-26.6.0",
              "default": true
            },
            {
              "name": "dist",
              "path": "/nix/store/84gkbdldh8zw3sf3dqy4yg0izd918n71-python3.14-molecule-26.6.0-dist"
            }
          ],
          "store_path": "/nix/store/6pcgh6aj023zz3fi6yj03ai41v60myg9-python3.14-molecule-26.6.0"
        },
        "x86_64-darwin": {
          "outputs": [
            {
              "name": "out",
              "path": "/nix/store/3k7v1bwv4hsanfv7q5fhhwrk0jvq4fmm-python3.13-molecule-26.6.0",
              "default": true
            },
            {
              "name": "dist",
              "path": "/nix/store/gjf592qaqh8i53gwz3x6h868lzxa5xkh-python3.13-molecule-26.6.0-dist"
            }
          ],
          "store_path": "/nix/store/3k7v1bwv4hsanfv7q5fhhwrk0jvq4fmm-python3.13-molecule-26.6.0"
        },
        "x86_64-linux": {
          "outputs": [
            {
              "name": "out",
              "path": "/nix/store/bk1iw3xzb9c04vs0fy1vsspgkdndhcqr-python3.14-molecule-26.6.0",
              "default": true
            },
            {
              "name": "dist",
              "path": "/nix/store/2p9vf96rcrwypxjnsw1l8fviadm0y0fh-python3.14-molecule-26.6.0-dist"
            }
          ],
          "store_path": "/nix/store/bk1iw3xzb9c04vs0fy1vsspgkdndhcqr-python3.14-molecule-26.6.0"
        }
      }
    },
    "nodejs@25.9.0": {
      "last_modified": "2026-04-23T13:07:47Z",
      "plugin_version": "0.0.4",
      "resolved": "github:NixOS/nixpkgs/01fbdeef22b76df85ea168fbfe1bfd9e63681b30#nodejs_25",
      "source": "devbox-search",
      "version": "25.9.0",
      "systems": {
        "aarch64-darwin": {
          "outputs": [
            {
              "name": "out",
              "path": "/nix/store/lk0q06f44l3p5ajzpnqhs6bwwpf7j7ny-nodejs-25.9.0",
              "default": true
            }
          ],
          "store_path": "/nix/store/lk0q06f44l3p5ajzpnqhs6bwwpf7j7ny-nodejs-25.9.0"
        },
        "aarch64-linux": {
          "outputs": [
            {
              "name": "out",
              "path": "/nix/store/kqhlmkz7y5id7l02d2pjid61jh6a1zc5-nodejs-25.9.0",
              "default": true
            }
          ],
          "store_path": "/nix/store/kqhlmkz7y5id7l02d2pjid61jh6a1zc5-nodejs-25.9.0"
        },
        "x86_64-darwin": {
          "outputs": [
            {
              "name": "out",
              "path": "/nix/store/6js5ig13hfm2b9vif9325slzl590l0yr-nodejs-25.9.0",
              "default": true
            }
          ],
          "store_path": "/nix/store/6js5ig13hfm2b9vif9325slzl590l0yr-nodejs-25.9.0"
        },
        "x86_64-linux": {
          "outputs": [
            {
              "name": "out",
              "path": "/nix/store/qvw3cs7p2aipxsmyvwf9xr5ffvmwjkh1-nodejs-25.9.0",
              "default": true
            }
          ],
          "store_path": "/nix/store/qvw3cs7p2aipxsmyvwf9xr5ffvmwjkh1-nodejs-25.9.0"
        }
      }
    },
    "opentofu@1.12.4": {
      "last_modified": "2026-07-23T05:10:05Z",
      "resolved": "github:NixOS/nixpkgs/7525d999cd850b9a488817abc89c75dc733acf17#opentofu",
      "source": "devbox-search",
      "version": "1.12.4",
      "systems": {
        "aarch64-darwin": {
          "outputs": [
            {
              "name": "out",
              "path": "/nix/store/49vy4s6ha8wibk4j0gcyibjnk3g2qykn-opentofu-1.12.4",
              "default": true
            }
          ],
          "store_path": "/nix/store/49vy4s6ha8wibk4j0gcyibjnk3g2qykn-opentofu-1.12.4"
        },
        "aarch64-linux": {
          "outputs": [
            {
              "name": "out",
              "path": "/nix/store/p5h3k5aqxzj1a9nfgfy0fh1mzhf5bd2k-opentofu-1.12.4",
              "default": true
            }
          ],
          "store_path": "/nix/store/p5h3k5aqxzj1a9nfgfy0fh1mzhf5bd2k-opentofu-1.12.4"
        },
        "x86_64-linux": {
          "outputs": [
            {
              "name": "out",
              "path": "/nix/store/2cdpgl60x2gkydh2yhsppx161iywip5c-opentofu-1.12.4",
              "default": true
            }
          ],
          "store_path": "/nix/store/2cdpgl60x2gkydh2yhsppx161iywip5c-opentofu-1.12.4"
        }
      }
    },
    "pre-commit@4.5.1": {
      "last_modified": "2026-07-23T05:10:05Z",
      "resolved": "github:NixOS/nixpkgs/7525d999cd850b9a488817abc89c75dc733acf17#pre-commit",
      "source": "devbox-search",
      "version": "4.5.1",
      "systems": {
        "aarch64-darwin": {
          "outputs": [
            {
              "name": "out",
              "path": "/nix/store/zy4s7p53x911n0rngl0v3sarpg1qc43r-pre-commit-4.5.1",
              "default": true
            },
            {
              "name": "dist",
              "path": "/nix/store/g6jg597amf2f0ikhlii3iw8z3rriwx1c-pre-commit-4.5.1-dist"
            }
          ],
          "store_path": "/nix/store/zy4s7p53x911n0rngl0v3sarpg1qc43r-pre-commit-4.5.1"
        },
        "aarch64-linux": {
          "outputs": [
            {
              "name": "out",
              "path": "/nix/store/pf982haqw9f5nbas63xhxlqwdbgz0p7w-pre-commit-4.5.1",
              "default": true
            },
            {
              "name": "dist",
              "path": "/nix/store/qcmqnda32vcn9jiird3whjs4k2s8bq7j-pre-commit-4.5.1-dist"
            }
          ],
          "store_path": "/nix/store/pf982haqw9f5nbas63xhxlqwdbgz0p7w-pre-commit-4.5.1"
        },
        "x86_64-darwin": {
          "outputs": [
            {
              "name": "out",
              "path": "/nix/store/51i9rjiyhdnxd96rp3cc8ykhcld7zhqq-pre-commit-4.5.1",
              "default": true
            },
            {
              "name": "dist",
              "path": "/nix/store/hphzzlh3q6nz74px0mq2a1h7yqkyr35b-pre-commit-4.5.1-dist"
            }
          ],
          "store_path": "/nix/store/51i9rjiyhdnxd96rp3cc8ykhcld7zhqq-pre-commit-4.5.1"
        },
        "x86_64-linux": {
          "outputs": [
            {
              "name": "out",
              "path": "/nix/store/m9v9ypkyq41mcvdvsvivjkwgdygzdkbp-pre-commit-4.5.1",
              "default": true
            },
            {
              "name": "dist",
              "path": "/nix/store/lq6lbw29brd4rj8jlgzmqp151sxbwcy4-pre-commit-4.5.1-dist"
            }
          ],
          "store_path": "/nix/store/m9v9ypkyq41mcvdvsvivjkwgdygzdkbp-pre-commit-4.5.1"
        }
      }
    },
    "renovate@43.214.1": {
      "last_modified": "2026-07-23T05:10:05Z",
      "resolved": "github:NixOS/nixpkgs/7525d999cd850b9a488817abc89c75dc733acf17#renovate",
      "source": "devbox-search",
      "version": "43.214.1",
      "systems": {
        "aarch64-darwin": {
          "outputs": [
            {
              "name": "out",
              "path": "/nix/store/x2nrhz463100xv72ljybbpfh3qlk56h4-renovate-43.214.1",
              "default": true
            }
          ],
          "store_path": "/nix/store/x2nrhz463100xv72ljybbpfh3qlk56h4-renovate-43.214.1"
        },
        "aarch64-linux": {
          "outputs": [
            {
              "name": "out",
              "path": "/nix/store/vpfjsj49f60bi12i6z25y3b756phn9rv-renovate-43.214.1",
              "default": true
            }
          ],
          "store_path": "/nix/store/vpfjsj49f60bi12i6z25y3b756phn9rv-renovate-43.214.1"
        },
        "x86_64-darwin": {
          "outputs": [
            {
              "name": "out",
              "path": "/nix/store/zp2szwdchncqviv4rjhs20amyb8hmi2d-renovate-43.214.1",
              "default": true
            }
          ],
          "store_path": "/nix/store/zp2szwdchncqviv4rjhs20amyb8hmi2d-renovate-43.214.1"
        },
        "x86_64-linux": {
          "outputs": [
            {
              "name": "out",
              "path": "/nix/store/qigzgngkr7z08m06z8dd03k0ymb3wnsf-renovate-43.214.1",
              "default": true
            }
          ],
          "store_path": "/nix/store/qigzgngkr7z08m06z8dd03k0ymb3wnsf-renovate-43.214.1"
        }
      }
    },
    "talosctl@1.13.5": {
      "last_modified": "2026-07-23T05:10:05Z",
      "resolved": "github:NixOS/nixpkgs/7525d999cd850b9a488817abc89c75dc733acf17#talosctl",
      "source": "devbox-search",
      "version": "1.13.5",
      "systems": {
        "aarch64-darwin": {
          "outputs": [
            {
              "name": "out",
              "path": "/nix/store/wj7idjfkz83hgmf2bs2l52i8n98m6v1q-talosctl-1.13.5",
              "default": true
            }
          ],
          "store_path": "/nix/store/wj7idjfkz83hgmf2bs2l52i8n98m6v1q-talosctl-1.13.5"
        },
        "aarch64-linux": {
          "outputs": [
            {
              "name": "out",
              "path": "/nix/store/4jpp81g4zlyb2prxkcpbv7xbyyqsxiy8-talosctl-1.13.5",
              "default": true
            }
          ],
          "store_path": "/nix/store/4jpp81g4zlyb2prxkcpbv7xbyyqsxiy8-talosctl-1.13.5"
        },
        "x86_64-darwin": {
          "outputs": [
            {
              "name": "out",
              "path": "/nix/store/lv4kn8i8fkpgbsl11d1xvv2h037gkyj7-talosctl-1.13.5",
              "default": true
            }
          ],
          "store_path": "/nix/store/lv4kn8i8fkpgbsl11d1xvv2h037gkyj7-talosctl-1.13.5"
        },
        "x86_64-linux": {
          "outputs": [
            {
              "name": "out",
              "path": "/nix/store/7c0ncypdnhdcizsf06af24kbybkj8h8f-talosctl-1.13.5",
              "default": true
            }
          ],
          "store_path": "/nix/store/7c0ncypdnhdcizsf06af24kbybkj8h8f-talosctl-1.13.5"
        }
      }
    },
    "terraform@1.14.9": {
      "last_modified": "2026-04-23T13:07:47Z",
      "resolved": "github:NixOS/nixpkgs/01fbdeef22b76df85ea168fbfe1bfd9e63681b30#terraform",
      "source": "devbox-search",
      "version": "1.14.9",
      "systems": {
        "aarch64-darwin": {
          "outputs": [
            {
              "name": "out",
              "path": "/nix/store/599ha3dq1mn0k8p93gmvisll138n0xws-terraform-1.14.9",
              "default": true
            }
          ],
          "store_path": "/nix/store/599ha3dq1mn0k8p93gmvisll138n0xws-terraform-1.14.9"
        },
        "aarch64-linux": {
          "outputs": [
            {
              "name": "out",
              "path": "/nix/store/4w4rp0435dfy1407np47ry0b15r5w9k0-terraform-1.14.9",
              "default": true
            }
          ],
          "store_path": "/nix/store/4w4rp0435dfy1407np47ry0b15r5w9k0-terraform-1.14.9"
        },
        "x86_64-darwin": {
          "outputs": [
            {
              "name": "out",
              "path": "/nix/store/hr2kldlgaxf4gb918i386cm9w8xnaif9-terraform-1.14.9",
              "default": true
            }
          ],
          "store_path": "/nix/store/hr2kldlgaxf4gb918i386cm9w8xnaif9-terraform-1.14.9"
        },
        "x86_64-linux": {
          "outputs": [
            {
              "name": "out",
              "path": "/nix/store/mjrd83by016cxblwh5aja645jnh3qmbj-terraform-1.14.9",
              "default": true
            }
          ],
          "store_path": "/nix/store/mjrd83by016cxblwh5aja645jnh3qmbj-terraform-1.14.9"
        }
      }
    },
    "terragrunt@1.0.4": {
      "last_modified": "2026-07-23T05:10:05Z",
      "resolved": "github:NixOS/nixpkgs/7525d999cd850b9a488817abc89c75dc733acf17#terragrunt",
      "source": "devbox-search",
      "version": "1.0.4",
      "systems": {
        "aarch64-darwin": {
          "outputs": [
            {
              "name": "out",
              "path": "/nix/store/i458jswisyyvyc332jkjg3lia428s01q-terragrunt-1.0.4",
              "default": true
            }
          ],
          "store_path": "/nix/store/i458jswisyyvyc332jkjg3lia428s01q-terragrunt-1.0.4"
        },
        "aarch64-linux": {
          "outputs": [
            {
              "name": "out",
              "path": "/nix/store/c0g8skh75j8nlx3x6f5cirk9hlg199a6-terragrunt-1.0.4",
              "default": true
            }
          ],
          "store_path": "/nix/store/c0g8skh75j8nlx3x6f5cirk9hlg199a6-terragrunt-1.0.4"
        },
        "x86_64-darwin": {
          "outputs": [
            {
              "name": "out",
              "path": "/nix/store/gb3h2zgni0gw2612ssjlw4d80k2xjfg3-terragrunt-1.0.4",
              "default": true
            }
          ],
          "store_path": "/nix/store/gb3h2zgni0gw2612ssjlw4d80k2xjfg3-terragrunt-1.0.4"
        },
        "x86_64-linux": {
          "outputs": [
            {
              "name": "out",
              "path": "/nix/store/alxv1q8mr01gimm94wi1irrx95rdbi76-terragrunt-1.0.4",
              "default": true
            }
          ],
          "store_path": "/nix/store/alxv1q8mr01gimm94wi1irrx95rdbi76-terragrunt-1.0.4"
        }
      }
    },
    "tflint@0.63.1": {
      "last_modified": "2026-07-23T05:10:05Z",
      "resolved": "github:NixOS/nixpkgs/7525d999cd850b9a488817abc89c75dc733acf17#tflint",
      "source": "devbox-search",
      "version": "0.63.1",
      "systems": {
        "aarch64-darwin": {
          "outputs": [
            {
              "name": "out",
              "path": "/nix/store/1hh847vpaxbh9jciqkbw4kfirsbjhqpi-tflint-0.63.1",
              "default": true
            }
          ],
          "store_path": "/nix/store/1hh847vpaxbh9jciqkbw4kfirsbjhqpi-tflint-0.63.1"
        },
        "aarch64-linux": {
          "outputs": [
            {
              "name": "out",
              "path": "/nix/store/jsw25ll4glcrqnfikgj7hdp959byqhxi-tflint-0.63.1",
              "default": true
            }
          ],
          "store_path": "/nix/store/jsw25ll4glcrqnfikgj7hdp959byqhxi-tflint-0.63.1"
        },
        "x86_64-linux": {
          "outputs": [
            {
              "name": "out",
              "path": "/nix/store/jgqkjwgvaa3kjkcv8dv8pfhdnv0pjyqr-tflint-0.63.1",
              "default": true
            }
          ],
          "store_path": "/nix/store/jgqkjwgvaa3kjkcv8dv8pfhdnv0pjyqr-tflint-0.63.1"
        }
      }
    }
  }
}
