{
  "lockfile_version": "1",
  "packages": {
    "ansible-lint@25.8.2": {
      "last_modified": "2026-08-27T07:16:00Z",
      "resolved": "github:NixOS/nixpkgs/c27cdad491a991b11ed731760aa2ef8db0cb0410#ansible-lint",
      "source": "devbox-search",
      "version": "25.8.2",
      "systems": {
        "aarch64-darwin": {
          "outputs": [
            {
              "name": "out",
              "path": "/nix/store/bgl9wyzw3if5fav0b2alcskqk7757jna-ansible-lint-25.8.2",
              "default": true
            },
            {
              "name": "dist",
              "path": "/nix/store/069ijfga307qjvmcamndwkj7j6k2wffs-ansible-lint-25.8.2-dist"
            }
          ],
          "store_path": "/nix/store/bgl9wyzw3if5fav0b2alcskqk7757jna-ansible-lint-25.8.2"
        },
        "aarch64-linux": {
          "outputs": [
            {
              "name": "out",
              "path": "/nix/store/adl0vp00msv6x73jmfz2f7qs4f1wi4ww-ansible-lint-25.8.2",
              "default": true
            },
            {
              "name": "dist",
              "path": "/nix/store/cda0424qfsxa2yjkd42g7ww42h5arq6l-ansible-lint-25.8.2-dist"
            }
          ],
          "store_path": "/nix/store/adl0vp00msv6x73jmfz2f7qs4f1wi4ww-ansible-lint-25.8.2"
        },
        "x86_64-darwin": {
          "outputs": [
            {
              "name": "out",
              "path": "/nix/store/mhgajzzpprc8i67i4523wmyf8iwapgpy-ansible-lint-25.8.2",
              "default": true
            },
            {
              "name": "dist",
              "path": "/nix/store/crh61azbn7cr5abymv8dzs8afyg82011-ansible-lint-25.8.2-dist"
            }
          ],
          "store_path": "/nix/store/mhgajzzpprc8i67i4523wmyf8iwapgpy-ansible-lint-25.8.2"
        },
        "x86_64-linux": {
          "outputs": [
            {
              "name": "out",
              "path": "/nix/store/7j7xcjjpmcwpmdm2wp3k9d5hzd6r1s20-ansible-lint-25.8.2",
              "default": true
            },
            {
              "name": "dist",
              "path": "/nix/store/c44pfck2ckiak1r2z0fwn4p45wsg47gc-ansible-lint-25.8.2-dist"
            }
          ],
          "store_path": "/nix/store/7j7xcjjpmcwpmdm2wp3k9d5hzd6r1s20-ansible-lint-25.8.2"
        }
      }
    },
    "ansible@2.21.1": {
      "last_modified": "2026-08-03T00:04:07Z",
      "resolved": "github:NixOS/nixpkgs/243895692ae2a2fbd08a05141462c0cc0d3ca10f#ansible",
      "source": "devbox-search",
      "version": "2.21.1",
      "systems": {
        "aarch64-darwin": {
          "outputs": [
            {
              "name": "out",
              "path": "/nix/store/i3z487hsdzhf5cz9qqsvs2a06rx5801c-python3.14-ansible-core-2.21.1",
              "default": true
            },
            {
              "name": "dist",
              "path": "/nix/store/acxch3csy0p2hvvc5z41gyjb7hf1995b-python3.14-ansible-core-2.21.1-dist"
            }
          ],
          "store_path": "/nix/store/i3z487hsdzhf5cz9qqsvs2a06rx5801c-python3.14-ansible-core-2.21.1"
        },
        "aarch64-linux": {
          "outputs": [
            {
              "name": "out",
              "path": "/nix/store/ydvnq17h1ppxxqc76wqd3qn6ynrzlj16-python3.14-ansible-core-2.21.1",
              "default": true
            },
            {
              "name": "dist",
              "path": "/nix/store/rgb8s39fqlyd9b3vj3ghxad7nhdv7avm-python3.14-ansible-core-2.21.1-dist"
            }
          ],
          "store_path": "/nix/store/ydvnq17h1ppxxqc76wqd3qn6ynrzlj16-python3.14-ansible-core-2.21.1"
        },
        "x86_64-darwin": {
          "outputs": [
            {
              "name": "out",
              "path": "/nix/store/291ym9bdzf65w9bij0n7hgih9np4lzd4-python3.13-ansible-core-2.21.1",
              "default": true
            },
            {
              "name": "dist",
              "path": "/nix/store/zpsfwv55vvv228rm95yvvw3i1q5j26jy-python3.13-ansible-core-2.21.1-dist"
            }
          ],
          "store_path": "/nix/store/291ym9bdzf65w9bij0n7hgih9np4lzd4-python3.13-ansible-core-2.21.1"
        },
        "x86_64-linux": {
          "outputs": [
            {
              "name": "out",
              "path": "/nix/store/z23sjj8qxvc4xcr35crdasyiw1z67ycf-python3.14-ansible-core-2.21.1",
              "default": true
            },
            {
              "name": "dist",
              "path": "/nix/store/2sh1kn8zhfk614w1411w0q2pf10ir90s-python3.14-ansible-core-2.21.1-dist"
            }
          ],
          "store_path": "/nix/store/z23sjj8qxvc4xcr35crdasyiw1z67ycf-python3.14-ansible-core-2.21.1"
        }
      }
    },
    "github:NixOS/nixpkgs/nixpkgs-unstable": {
      "last_modified": "2026-09-02T18:03:51Z",
      "resolved": "github:NixOS/nixpkgs/9387b3fcc0c23c86661636da63faabad4235a0a6?lastModified=1788372231&narHash=sha256-7aqErvrAEz%2F5OcPA5p3M%2BtVOqeYc4oJXkNIPXfCqxAw%3D"
    },
    "helm-docs@1.14.2": {
      "last_modified": "2026-08-27T07:16:00Z",
      "resolved": "github:NixOS/nixpkgs/c27cdad491a991b11ed731760aa2ef8db0cb0410#helm-docs",
      "source": "devbox-search",
      "version": "1.14.2",
      "systems": {
        "aarch64-darwin": {
          "outputs": [
            {
              "name": "out",
              "path": "/nix/store/i2fq2l1kn2nrg7v84nmvyfy4gmjyygvd-helm-docs-1.14.2",
              "default": true
            }
          ],
          "store_path": "/nix/store/i2fq2l1kn2nrg7v84nmvyfy4gmjyygvd-helm-docs-1.14.2"
        },
        "aarch64-linux": {
          "outputs": [
            {
              "name": "out",
              "path": "/nix/store/7mvjznn7gz0yljbs83sgqg16jblv1ibb-helm-docs-1.14.2",
              "default": true
            }
          ],
          "store_path": "/nix/store/7mvjznn7gz0yljbs83sgqg16jblv1ibb-helm-docs-1.14.2"
        },
        "x86_64-darwin": {
          "outputs": [
            {
              "name": "out",
              "path": "/nix/store/jqrqdlym18aindf0palq4chr2ja7w455-helm-docs-1.14.2",
              "default": true
            }
          ],
          "store_path": "/nix/store/jqrqdlym18aindf0palq4chr2ja7w455-helm-docs-1.14.2"
        },
        "x86_64-linux": {
          "outputs": [
            {
              "name": "out",
              "path": "/nix/store/7bn4fdwjsivyzsl6vc27858npz4zi1vi-helm-docs-1.14.2",
              "default": true
            }
          ],
          "store_path": "/nix/store/7bn4fdwjsivyzsl6vc27858npz4zi1vi-helm-docs-1.14.2"
        }
      }
    },
    "jq@1.8.2": {
      "last_modified": "2026-08-27T07:16:00Z",
      "resolved": "github:NixOS/nixpkgs/c27cdad491a991b11ed731760aa2ef8db0cb0410#jq",
      "source": "devbox-search",
      "version": "1.8.2",
      "systems": {
        "aarch64-darwin": {
          "outputs": [
            {
              "name": "bin",
              "path": "/nix/store/d01nk4ck93bwlzwbnnb1qf1kv4d94a09-jq-1.8.2-bin",
              "default": true
            },
            {
              "name": "man",
              "path": "/nix/store/s1d0597z830wrhza2g5b6i9a4a0jis8a-jq-1.8.2-man",
              "default": true
            },
            {
              "name": "dev",
              "path": "/nix/store/mf170p9ynrn0g7s5i8kw655i1q4dxl6y-jq-1.8.2-dev"
            },
            {
              "name": "doc",
              "path": "/nix/store/bhalwqvdympjhs6gj584d29bga0l8q3s-jq-1.8.2-doc"
            },
            {
              "name": "out",
              "path": "/nix/store/bpfcs06n720irpzril2mh6z59ddafhzx-jq-1.8.2"
            }
          ],
          "store_path": "/nix/store/d01nk4ck93bwlzwbnnb1qf1kv4d94a09-jq-1.8.2-bin"
        },
        "aarch64-linux": {
          "outputs": [
            {
              "name": "bin",
              "path": "/nix/store/hrr6n4qkb2j2rqh7a1jda0yc9gpa8h4d-jq-1.8.2-bin",
              "default": true
            },
            {
              "name": "man",
              "path": "/nix/store/y3rq55wvfwpfy45nmz6yc2vxgcr1zns5-jq-1.8.2-man",
              "default": true
            },
            {
              "name": "dev",
              "path": "/nix/store/xi52wx9sndkrrzp5wy2d8nrw1hysm8hc-jq-1.8.2-dev"
            },
            {
              "name": "doc",
              "path": "/nix/store/frrdd4c55msxdrd3fmyadyry5dwnnysd-jq-1.8.2-doc"
            },
            {
              "name": "out",
              "path": "/nix/store/qjpdggb1lyay7wv5a0p9j9cvj9y3j2a6-jq-1.8.2"
            }
          ],
          "store_path": "/nix/store/hrr6n4qkb2j2rqh7a1jda0yc9gpa8h4d-jq-1.8.2-bin"
        },
        "x86_64-linux": {
          "outputs": [
            {
              "name": "bin",
              "path": "/nix/store/xvd6920kffyyshg7mbw5wvfk6lg9wfkl-jq-1.8.2-bin",
              "default": true
            },
            {
              "name": "man",
              "path": "/nix/store/n36fiv9a8p19bcj6cyjfgmb0l9s55qfn-jq-1.8.2-man",
              "default": true
            },
            {
              "name": "dev",
              "path": "/nix/store/qavm4f7d2wm4s9v1ck90n200y20x95fm-jq-1.8.2-dev"
            },
            {
              "name": "doc",
              "path": "/nix/store/2ga5gcahn4vr0b5fmlinxbz1w2m4qm5g-jq-1.8.2-doc"
            },
            {
              "name": "out",
              "path": "/nix/store/d91mwgs15hv4ajza7jn6axyiwa07ga7m-jq-1.8.2"
            }
          ],
          "store_path": "/nix/store/xvd6920kffyyshg7mbw5wvfk6lg9wfkl-jq-1.8.2-bin"
        }
      }
    },
    "just@1.57.0": {
      "last_modified": "2026-08-01T16:34:20Z",
      "resolved": "github:NixOS/nixpkgs/a5cbcfe954791221bfffe2307f7d1a1bf61a871e#just",
      "source": "devbox-search",
      "version": "1.57.0",
      "systems": {
        "aarch64-darwin": {
          "outputs": [
            {
              "name": "out",
              "path": "/nix/store/n6qxmipv7x0mhqhn8rh6wwy647darcfl-just-1.57.0",
              "default": true
            },
            {
              "name": "man",
              "path": "/nix/store/rxdkf2w10qg6i5s8f358wrh2frzznak4-just-1.57.0-man",
              "default": true
            },
            {
              "name": "doc",
              "path": "/nix/store/l33bjpd0wihw69028c57bbv2xywbmx1w-just-1.57.0-doc"
            }
          ],
          "store_path": "/nix/store/n6qxmipv7x0mhqhn8rh6wwy647darcfl-just-1.57.0"
        },
        "aarch64-linux": {
          "outputs": [
            {
              "name": "out",
              "path": "/nix/store/r6hjn3p91594n85ww9jxs9k230wmwqhh-just-1.57.0",
              "default": true
            },
            {
              "name": "man",
              "path": "/nix/store/pr0lp4gvzqzk0ay4ir8bfclxv0wqmrdc-just-1.57.0-man",
              "default": true
            },
            {
              "name": "doc",
              "path": "/nix/store/y51bl4shczg8wwrys02r9s7b9x2xh7pn-just-1.57.0-doc"
            }
          ],
          "store_path": "/nix/store/r6hjn3p91594n85ww9jxs9k230wmwqhh-just-1.57.0"
        },
        "x86_64-linux": {
          "outputs": [
            {
              "name": "out",
              "path": "/nix/store/gw651v4xdfs9zwicw5nbrlyaxph17rmd-just-1.57.0",
              "default": true
            },
            {
              "name": "man",
              "path": "/nix/store/zd6721rmmi01rqazz2a4hvfdv2aidy8d-just-1.57.0-man",
              "default": true
            },
            {
              "name": "doc",
              "path": "/nix/store/xqx2hngsfb56w5gr3pgvamnygxkghzc2-just-1.57.0-doc"
            }
          ],
          "store_path": "/nix/store/gw651v4xdfs9zwicw5nbrlyaxph17rmd-just-1.57.0"
        }
      }
    },
    "k9s@0.51.0": {
      "last_modified": "2026-08-27T07:16:00Z",
      "resolved": "github:NixOS/nixpkgs/c27cdad491a991b11ed731760aa2ef8db0cb0410#k9s",
      "source": "devbox-search",
      "version": "0.51.0",
      "systems": {
        "aarch64-darwin": {
          "outputs": [
            {
              "name": "out",
              "path": "/nix/store/s5djwfccraagv2s90hjbjjl7p58a9yn5-k9s-0.51.0",
              "default": true
            }
          ],
          "store_path": "/nix/store/s5djwfccraagv2s90hjbjjl7p58a9yn5-k9s-0.51.0"
        },
        "aarch64-linux": {
          "outputs": [
            {
              "name": "out",
              "path": "/nix/store/6mgqv0i5qvxbdnl3a4fmr30cjvfvdasx-k9s-0.51.0",
              "default": true
            }
          ],
          "store_path": "/nix/store/6mgqv0i5qvxbdnl3a4fmr30cjvfvdasx-k9s-0.51.0"
        },
        "x86_64-darwin": {
          "outputs": [
            {
              "name": "out",
              "path": "/nix/store/b8x9cy329sqgznfv0im37nddbsphjx2m-k9s-0.51.0",
              "default": true
            }
          ],
          "store_path": "/nix/store/b8x9cy329sqgznfv0im37nddbsphjx2m-k9s-0.51.0"
        },
        "x86_64-linux": {
          "outputs": [
            {
              "name": "out",
              "path": "/nix/store/4y38k56lxqb7qfkiv02l6njl48pgrns1-k9s-0.51.0",
              "default": true
            }
          ],
          "store_path": "/nix/store/4y38k56lxqb7qfkiv02l6njl48pgrns1-k9s-0.51.0"
        }
      }
    },
    "kubeconform@0.7.0": {
      "last_modified": "2026-07-29T04:59:45Z",
      "resolved": "github:NixOS/nixpkgs/9bc02893134c733dd85de46ee4fb2fac696b5529#kubeconform",
      "source": "devbox-search",
      "version": "0.7.0",
      "systems": {
        "aarch64-darwin": {
          "outputs": [
            {
              "name": "out",
              "path": "/nix/store/yagk2cgfliqhc98c8xdqbgzi7saxhqhd-kubeconform-0.7.0",
              "default": true
            }
          ],
          "store_path": "/nix/store/yagk2cgfliqhc98c8xdqbgzi7saxhqhd-kubeconform-0.7.0"
        },
        "aarch64-linux": {
          "outputs": [
            {
              "name": "out",
              "path": "/nix/store/jijv6v4zph8k7jicylzrkgnkdpnxx1r8-kubeconform-0.7.0",
              "default": true
            }
          ],
          "store_path": "/nix/store/jijv6v4zph8k7jicylzrkgnkdpnxx1r8-kubeconform-0.7.0"
        },
        "x86_64-darwin": {
          "outputs": [
            {
              "name": "out",
              "path": "/nix/store/rl6h5bhmfn7jlj8hdqxsjy9527c6dl0n-kubeconform-0.7.0",
              "default": true
            }
          ],
          "store_path": "/nix/store/rl6h5bhmfn7jlj8hdqxsjy9527c6dl0n-kubeconform-0.7.0"
        },
        "x86_64-linux": {
          "outputs": [
            {
              "name": "out",
              "path": "/nix/store/ayx0jsnncc0rhpm1hwbkx1snc3zb0mc1-kubeconform-0.7.0",
              "default": true
            }
          ],
          "store_path": "/nix/store/ayx0jsnncc0rhpm1hwbkx1snc3zb0mc1-kubeconform-0.7.0"
        }
      }
    },
    "kubectl@1.36.2": {
      "last_modified": "2026-07-23T05:10:05Z",
      "resolved": "github:NixOS/nixpkgs/7525d999cd850b9a488817abc89c75dc733acf17#kubectl",
      "source": "devbox-search",
      "version": "1.36.2",
      "systems": {
        "aarch64-darwin": {
          "outputs": [
            {
              "name": "out",
              "path": "/nix/store/gd535ja3bpcl47mp32skk1f9yx5wjgjr-kubectl-1.36.2",
              "default": true
            },
            {
              "name": "man",
              "path": "/nix/store/jbp0c5v1grjqy00ynsj1qiyb58c5q0ij-kubectl-1.36.2-man",
              "default": true
            },
            {
              "name": "convert",
              "path": "/nix/store/f4vlywq3rbw45f8hbryn33kx6hmkaf51-kubectl-1.36.2-convert"
            }
          ],
          "store_path": "/nix/store/gd535ja3bpcl47mp32skk1f9yx5wjgjr-kubectl-1.36.2"
        },
        "aarch64-linux": {
          "outputs": [
            {
              "name": "out",
              "path": "/nix/store/zfax0c3w00q3qzbp8hbw3an1wy1cr7rd-kubectl-1.36.2",
              "default": true
            },
            {
              "name": "man",
              "path": "/nix/store/s0j4a5i93kgxk1chp9flpz7mwqmzx7n0-kubectl-1.36.2-man",
              "default": true
            },
            {
              "name": "convert",
              "path": "/nix/store/32sq90kwk85vqlgl1nbw7v6wrxh3jlx4-kubectl-1.36.2-convert"
            }
          ],
          "store_path": "/nix/store/zfax0c3w00q3qzbp8hbw3an1wy1cr7rd-kubectl-1.36.2"
        },
        "x86_64-darwin": {
          "outputs": [
            {
              "name": "out",
              "path": "/nix/store/2mzx35a2g3h1n4lpk0p6qm6dl83d2gi6-kubectl-1.36.2",
              "default": true
            },
            {
              "name": "man",
              "path": "/nix/store/8agbav6nsacbxb826wwhy27dckb60hhk-kubectl-1.36.2-man",
              "default": true
            },
            {
              "name": "convert",
              "path": "/nix/store/xavdplccjx28qkqadjgs7mnimc3sizjk-kubectl-1.36.2-convert"
            }
          ],
          "store_path": "/nix/store/2mzx35a2g3h1n4lpk0p6qm6dl83d2gi6-kubectl-1.36.2"
        },
        "x86_64-linux": {
          "outputs": [
            {
              "name": "out",
              "path": "/nix/store/fcpab382l1plra0rqbk0dhznmyl1b1xw-kubectl-1.36.2",
              "default": true
            },
            {
              "name": "man",
              "path": "/nix/store/x6cryrmnqcf1b1ka8ily3xkd8g34lg74-kubectl-1.36.2-man",
              "default": true
            },
            {
              "name": "convert",
              "path": "/nix/store/s1r0prjg7zrsgmcix09bgq5b9chmwik3-kubectl-1.36.2-convert"
            }
          ],
          "store_path": "/nix/store/fcpab382l1plra0rqbk0dhznmyl1b1xw-kubectl-1.36.2"
        }
      }
    },
    "kubernetes-helm@4.2.3": {
      "last_modified": "2026-08-12T11:28:58Z",
      "resolved": "github:NixOS/nixpkgs/044bfe75bfe4c7bbe043dc17b5e42ea823b84a09#kubernetes-helm",
      "source": "devbox-search",
      "version": "4.2.3",
      "systems": {
        "aarch64-darwin": {
          "outputs": [
            {
              "name": "out",
              "path": "/nix/store/y2b3h7dfvm8p3fc99mqpdbdwdkgarp27-kubernetes-helm-4.2.3",
              "default": true
            }
          ],
          "store_path": "/nix/store/y2b3h7dfvm8p3fc99mqpdbdwdkgarp27-kubernetes-helm-4.2.3"
        },
        "aarch64-linux": {
          "outputs": [
            {
              "name": "out",
              "path": "/nix/store/dc7s2nkq2jbisaxb5fhqn752ll3kjp4y-kubernetes-helm-4.2.3",
              "default": true
            }
          ],
          "store_path": "/nix/store/dc7s2nkq2jbisaxb5fhqn752ll3kjp4y-kubernetes-helm-4.2.3"
        },
        "x86_64-linux": {
          "outputs": [
            {
              "name": "out",
              "path": "/nix/store/9wdrj41wkpf6zwld00asw3nk7i7f7kj7-kubernetes-helm-4.2.3",
              "default": true
            }
          ],
          "store_path": "/nix/store/9wdrj41wkpf6zwld00asw3nk7i7f7kj7-kubernetes-helm-4.2.3"
        }
      }
    },
    "molecule@26.6.0": {
      "last_modified": "2026-08-27T07:16:00Z",
      "resolved": "github:NixOS/nixpkgs/c27cdad491a991b11ed731760aa2ef8db0cb0410#molecule",
      "source": "devbox-search",
      "version": "26.6.0",
      "systems": {
        "aarch64-darwin": {
          "outputs": [
            {
              "name": "out",
              "path": "/nix/store/kr40p87srh1ml3nn3lipqv1cxn5gmk0m-python3.14-molecule-26.6.0",
              "default": true
            },
            {
              "name": "dist",
              "path": "/nix/store/ad6gn5c5hjlyyplm44ld92bik60pbvw8-python3.14-molecule-26.6.0-dist"
            }
          ],
          "store_path": "/nix/store/kr40p87srh1ml3nn3lipqv1cxn5gmk0m-python3.14-molecule-26.6.0"
        },
        "aarch64-linux": {
          "outputs": [
            {
              "name": "out",
              "path": "/nix/store/3xfgl4q7p1z1ff9c2fsskl21ba3sgadv-python3.14-molecule-26.6.0",
              "default": true
            },
            {
              "name": "dist",
              "path": "/nix/store/6zjf4ab7ix6sjba9pjyw2s8hck3smma7-python3.14-molecule-26.6.0-dist"
            }
          ],
          "store_path": "/nix/store/3xfgl4q7p1z1ff9c2fsskl21ba3sgadv-python3.14-molecule-26.6.0"
        },
        "x86_64-darwin": {
          "outputs": [
            {
              "name": "out",
              "path": "/nix/store/3k7v1bwv4hsanfv7q5fhhwrk0jvq4fmm-python3.13-molecule-26.6.0",
              "default": true
            },
            {
              "name": "dist",
              "path": "/nix/store/gjf592qaqh8i53gwz3x6h868lzxa5xkh-python3.13-molecule-26.6.0-dist"
            }
          ],
          "store_path": "/nix/store/3k7v1bwv4hsanfv7q5fhhwrk0jvq4fmm-python3.13-molecule-26.6.0"
        },
        "x86_64-linux": {
          "outputs": [
            {
              "name": "out",
              "path": "/nix/store/mmpyva441a396b89vq44bnfc067r0kr8-python3.14-molecule-26.6.0",
              "default": true
            },
            {
              "name": "dist",
              "path": "/nix/store/0rnnxm4rl68d45dsdwsa2fsik4kymqgg-python3.14-molecule-26.6.0-dist"
            }
          ],
          "store_path": "/nix/store/mmpyva441a396b89vq44bnfc067r0kr8-python3.14-molecule-26.6.0"
        }
      }
    },
    "nodejs@25.9.0": {
      "last_modified": "2026-04-23T13:07:47Z",
      "plugin_version": "0.0.4",
      "resolved": "github:NixOS/nixpkgs/01fbdeef22b76df85ea168fbfe1bfd9e63681b30#nodejs_25",
      "source": "devbox-search",
      "version": "25.9.0",
      "systems": {
        "aarch64-darwin": {
          "outputs": [
            {
              "name": "out",
              "path": "/nix/store/lk0q06f44l3p5ajzpnqhs6bwwpf7j7ny-nodejs-25.9.0",
              "default": true
            }
          ],
          "store_path": "/nix/store/lk0q06f44l3p5ajzpnqhs6bwwpf7j7ny-nodejs-25.9.0"
        },
        "aarch64-linux": {
          "outputs": [
            {
              "name": "out",
              "path": "/nix/store/kqhlmkz7y5id7l02d2pjid61jh6a1zc5-nodejs-25.9.0",
              "default": true
            }
          ],
          "store_path": "/nix/store/kqhlmkz7y5id7l02d2pjid61jh6a1zc5-nodejs-25.9.0"
        },
        "x86_64-darwin": {
          "outputs": [
            {
              "name": "out",
              "path": "/nix/store/6js5ig13hfm2b9vif9325slzl590l0yr-nodejs-25.9.0",
              "default": true
            }
          ],
          "store_path": "/nix/store/6js5ig13hfm2b9vif9325slzl590l0yr-nodejs-25.9.0"
        },
        "x86_64-linux": {
          "outputs": [
            {
              "name": "out",
              "path": "/nix/store/qvw3cs7p2aipxsmyvwf9xr5ffvmwjkh1-nodejs-25.9.0",
              "default": true
            }
          ],
          "store_path": "/nix/store/qvw3cs7p2aipxsmyvwf9xr5ffvmwjkh1-nodejs-25.9.0"
        }
      }
    },
    "opentofu@1.12.4": {
      "last_modified": "2026-07-23T05:10:05Z",
      "resolved": "github:NixOS/nixpkgs/7525d999cd850b9a488817abc89c75dc733acf17#opentofu",
      "source": "devbox-search",
      "version": "1.12.4",
      "systems": {
        "aarch64-darwin": {
          "outputs": [
            {
              "name": "out",
              "path": "/nix/store/49vy4s6ha8wibk4j0gcyibjnk3g2qykn-opentofu-1.12.4",
              "default": true
            }
          ],
          "store_path": "/nix/store/49vy4s6ha8wibk4j0gcyibjnk3g2qykn-opentofu-1.12.4"
        },
        "aarch64-linux": {
          "outputs": [
            {
              "name": "out",
              "path": "/nix/store/p5h3k5aqxzj1a9nfgfy0fh1mzhf5bd2k-opentofu-1.12.4",
              "default": true
            }
          ],
          "store_path": "/nix/store/p5h3k5aqxzj1a9nfgfy0fh1mzhf5bd2k-opentofu-1.12.4"
        },
        "x86_64-linux": {
          "outputs": [
            {
              "name": "out",
              "path": "/nix/store/2cdpgl60x2gkydh2yhsppx161iywip5c-opentofu-1.12.4",
              "default": true
            }
          ],
          "store_path": "/nix/store/2cdpgl60x2gkydh2yhsppx161iywip5c-opentofu-1.12.4"
        }
      }
    },
    "pre-commit@4.5.1": {
      "last_modified": "2026-08-27T07:16:00Z",
      "resolved": "github:NixOS/nixpkgs/c27cdad491a991b11ed731760aa2ef8db0cb0410#pre-commit",
      "source": "devbox-search",
      "version": "4.5.1",
      "systems": {
        "aarch64-darwin": {
          "outputs": [
            {
              "name": "out",
              "path": "/nix/store/fg50lvs8kf5jcbfmn578h5z6wiay1p4m-pre-commit-4.5.1",
              "default": true
            },
            {
              "name": "dist",
              "path": "/nix/store/5lk0zm075qic9mcjanlnlvvf67kzfjb5-pre-commit-4.5.1-dist"
            }
          ],
          "store_path": "/nix/store/fg50lvs8kf5jcbfmn578h5z6wiay1p4m-pre-commit-4.5.1"
        },
        "aarch64-linux": {
          "outputs": [
            {
              "name": "out",
              "path": "/nix/store/sdm1k3b5d5gy5szf3ialbd6kxplz332w-pre-commit-4.5.1",
              "default": true
            },
            {
              "name": "dist",
              "path": "/nix/store/6qdl4bh053c41zkp4bvj18s3f38y319y-pre-commit-4.5.1-dist"
            }
          ],
          "store_path": "/nix/store/sdm1k3b5d5gy5szf3ialbd6kxplz332w-pre-commit-4.5.1"
        },
        "x86_64-darwin": {
          "outputs": [
            {
              "name": "out",
              "path": "/nix/store/51i9rjiyhdnxd96rp3cc8ykhcld7zhqq-pre-commit-4.5.1",
              "default": true
            },
            {
              "name": "dist",
              "path": "/nix/store/hphzzlh3q6nz74px0mq2a1h7yqkyr35b-pre-commit-4.5.1-dist"
            }
          ],
          "store_path": "/nix/store/51i9rjiyhdnxd96rp3cc8ykhcld7zhqq-pre-commit-4.5.1"
        },
        "x86_64-linux": {
          "outputs": [
            {
              "name": "out",
              "path": "/nix/store/qmf95a0dq52f0nffcq6xavpl6zsmd91s-pre-commit-4.5.1",
              "default": true
            },
            {
              "name": "dist",
              "path": "/nix/store/z1bnarx0px935kmfp65izm92kdiml08g-pre-commit-4.5.1-dist"
            }
          ],
          "store_path": "/nix/store/qmf95a0dq52f0nffcq6xavpl6zsmd91s-pre-commit-4.5.1"
        }
      }
    },
    "renovate@43.214.1": {
      "last_modified": "2026-08-01T16:34:20Z",
      "resolved": "github:NixOS/nixpkgs/a5cbcfe954791221bfffe2307f7d1a1bf61a871e#renovate",
      "source": "devbox-search",
      "version": "43.214.1",
      "systems": {
        "aarch64-darwin": {
          "outputs": [
            {
              "name": "out",
              "path": "/nix/store/m9g1w7ikkv91znkm90yly601ia02zxvf-renovate-43.214.1",
              "default": true
            }
          ],
          "store_path": "/nix/store/m9g1w7ikkv91znkm90yly601ia02zxvf-renovate-43.214.1"
        },
        "aarch64-linux": {
          "outputs": [
            {
              "name": "out",
              "path": "/nix/store/c3zqv1pgrcf0bkvy12p9628xvbbfimj9-renovate-43.214.1",
              "default": true
            }
          ],
          "store_path": "/nix/store/c3zqv1pgrcf0bkvy12p9628xvbbfimj9-renovate-43.214.1"
        },
        "x86_64-darwin": {
          "outputs": [
            {
              "name": "out",
              "path": "/nix/store/zp2szwdchncqviv4rjhs20amyb8hmi2d-renovate-43.214.1",
              "default": true
            }
          ],
          "store_path": "/nix/store/zp2szwdchncqviv4rjhs20amyb8hmi2d-renovate-43.214.1"
        },
        "x86_64-linux": {
          "outputs": [
            {
              "name": "out",
              "path": "/nix/store/zadfkl0n590g1p81pzvmx2jrj2lmk2bz-renovate-43.214.1",
              "default": true
            }
          ],
          "store_path": "/nix/store/zadfkl0n590g1p81pzvmx2jrj2lmk2bz-renovate-43.214.1"
        }
      }
    },
    "talosctl@1.13.5": {
      "last_modified": "2026-07-23T05:10:05Z",
      "resolved": "github:NixOS/nixpkgs/7525d999cd850b9a488817abc89c75dc733acf17#talosctl",
      "source": "devbox-search",
      "version": "1.13.5",
      "systems": {
        "aarch64-darwin": {
          "outputs": [
            {
              "name": "out",
              "path": "/nix/store/wj7idjfkz83hgmf2bs2l52i8n98m6v1q-talosctl-1.13.5",
              "default": true
            }
          ],
          "store_path": "/nix/store/wj7idjfkz83hgmf2bs2l52i8n98m6v1q-talosctl-1.13.5"
        },
        "aarch64-linux": {
          "outputs": [
            {
              "name": "out",
              "path": "/nix/store/4jpp81g4zlyb2prxkcpbv7xbyyqsxiy8-talosctl-1.13.5",
              "default": true
            }
          ],
          "store_path": "/nix/store/4jpp81g4zlyb2prxkcpbv7xbyyqsxiy8-talosctl-1.13.5"
        },
        "x86_64-darwin": {
          "outputs": [
            {
              "name": "out",
              "path": "/nix/store/lv4kn8i8fkpgbsl11d1xvv2h037gkyj7-talosctl-1.13.5",
              "default": true
            }
          ],
          "store_path": "/nix/store/lv4kn8i8fkpgbsl11d1xvv2h037gkyj7-talosctl-1.13.5"
        },
        "x86_64-linux": {
          "outputs": [
            {
              "name": "out",
              "path": "/nix/store/7c0ncypdnhdcizsf06af24kbybkj8h8f-talosctl-1.13.5",
              "default": true
            }
          ],
          "store_path": "/nix/store/7c0ncypdnhdcizsf06af24kbybkj8h8f-talosctl-1.13.5"
        }
      }
    },
    "terraform@1.14.9": {
      "last_modified": "2026-04-23T13:07:47Z",
      "resolved": "github:NixOS/nixpkgs/01fbdeef22b76df85ea168fbfe1bfd9e63681b30#terraform",
      "source": "devbox-search",
      "version": "1.14.9",
      "systems": {
        "aarch64-darwin": {
          "outputs": [
            {
              "name": "out",
              "path": "/nix/store/599ha3dq1mn0k8p93gmvisll138n0xws-terraform-1.14.9",
              "default": true
            }
          ],
          "store_path": "/nix/store/599ha3dq1mn0k8p93gmvisll138n0xws-terraform-1.14.9"
        },
        "aarch64-linux": {
          "outputs": [
            {
              "name": "out",
              "path": "/nix/store/4w4rp0435dfy1407np47ry0b15r5w9k0-terraform-1.14.9",
              "default": true
            }
          ],
          "store_path": "/nix/store/4w4rp0435dfy1407np47ry0b15r5w9k0-terraform-1.14.9"
        },
        "x86_64-darwin": {
          "outputs": [
            {
              "name": "out",
              "path": "/nix/store/hr2kldlgaxf4gb918i386cm9w8xnaif9-terraform-1.14.9",
              "default": true
            }
          ],
          "store_path": "/nix/store/hr2kldlgaxf4gb918i386cm9w8xnaif9-terraform-1.14.9"
        },
        "x86_64-linux": {
          "outputs": [
            {
              "name": "out",
              "path": "/nix/store/mjrd83by016cxblwh5aja645jnh3qmbj-terraform-1.14.9",
              "default": true
            }
          ],
          "store_path": "/nix/store/mjrd83by016cxblwh5aja645jnh3qmbj-terraform-1.14.9"
        }
      }
    },
    "terragrunt@1.0.4": {
      "last_modified": "2026-08-12T11:28:58Z",
      "resolved": "github:NixOS/nixpkgs/044bfe75bfe4c7bbe043dc17b5e42ea823b84a09#terragrunt",
      "source": "devbox-search",
      "version": "1.0.4",
      "systems": {
        "aarch64-darwin": {
          "outputs": [
            {
              "name": "out",
              "path": "/nix/store/hxlfx5p0nzcvc2180v0xfpkjgygwxapa-terragrunt-1.0.4",
              "default": true
            }
          ],
          "store_path": "/nix/store/hxlfx5p0nzcvc2180v0xfpkjgygwxapa-terragrunt-1.0.4"
        },
        "aarch64-linux": {
          "outputs": [
            {
              "name": "out",
              "path": "/nix/store/j7kvd070ly41r128cszcf492mpbdax48-terragrunt-1.0.4",
              "default": true
            }
          ],
          "store_path": "/nix/store/j7kvd070ly41r128cszcf492mpbdax48-terragrunt-1.0.4"
        },
        "x86_64-darwin": {
          "outputs": [
            {
              "name": "out",
              "path": "/nix/store/gb3h2zgni0gw2612ssjlw4d80k2xjfg3-terragrunt-1.0.4",
              "default": true
            }
          ],
          "store_path": "/nix/store/gb3h2zgni0gw2612ssjlw4d80k2xjfg3-terragrunt-1.0.4"
        },
        "x86_64-linux": {
          "outputs": [
            {
              "name": "out",
              "path": "/nix/store/a1bgridc47yhs2pgqxmb5mgj0vkgszf1-terragrunt-1.0.4",
              "default": true
            }
          ],
          "store_path": "/nix/store/a1bgridc47yhs2pgqxmb5mgj0vkgszf1-terragrunt-1.0.4"
        }
      }
    },
    "tflint@0.63.1": {
      "last_modified": "2026-07-23T05:10:05Z",
      "resolved": "github:NixOS/nixpkgs/7525d999cd850b9a488817abc89c75dc733acf17#tflint",
      "source": "devbox-search",
      "version": "0.63.1",
      "systems": {
        "aarch64-darwin": {
          "outputs": [
            {
              "name": "out",
              "path": "/nix/store/1hh847vpaxbh9jciqkbw4kfirsbjhqpi-tflint-0.63.1",
              "default": true
            }
          ],
          "store_path": "/nix/store/1hh847vpaxbh9jciqkbw4kfirsbjhqpi-tflint-0.63.1"
        },
        "aarch64-linux": {
          "outputs": [
            {
              "name": "out",
              "path": "/nix/store/jsw25ll4glcrqnfikgj7hdp959byqhxi-tflint-0.63.1",
              "default": true
            }
          ],
          "store_path": "/nix/store/jsw25ll4glcrqnfikgj7hdp959byqhxi-tflint-0.63.1"
        },
        "x86_64-linux": {
          "outputs": [
            {
              "name": "out",
              "path": "/nix/store/jgqkjwgvaa3kjkcv8dv8pfhdnv0pjyqr-tflint-0.63.1",
              "default": true
            }
          ],
          "store_path": "/nix/store/jgqkjwgvaa3kjkcv8dv8pfhdnv0pjyqr-tflint-0.63.1"
        }
      }
    },
    "uv@0.11.28": {
      "last_modified": "2026-07-23T05:10:05Z",
      "resolved": "github:NixOS/nixpkgs/7525d999cd850b9a488817abc89c75dc733acf17#uv",
      "source": "devbox-search",
      "version": "0.11.28",
      "systems": {
        "aarch64-darwin": {
          "outputs": [
            {
              "name": "out",
              "path": "/nix/store/yn36m1y6l2kmhx1dkqsmy3kf6acx77mz-uv-0.11.28",
              "default": true
            }
          ],
          "store_path": "/nix/store/yn36m1y6l2kmhx1dkqsmy3kf6acx77mz-uv-0.11.28"
        },
        "aarch64-linux": {
          "outputs": [
            {
              "name": "out",
              "path": "/nix/store/lj1akylx79l52f6yp3j2a55gf7s7vhx1-uv-0.11.28",
              "default": true
            }
          ],
          "store_path": "/nix/store/lj1akylx79l52f6yp3j2a55gf7s7vhx1-uv-0.11.28"
        },
        "x86_64-linux": {
          "outputs": [
            {
              "name": "out",
              "path": "/nix/store/zrq88ys031mx35ib1lb3xahcm4dsq71r-uv-0.11.28",
              "default": true
            }
          ],
          "store_path": "/nix/store/zrq88ys031mx35ib1lb3xahcm4dsq71r-uv-0.11.28"
        }
      }
    }
  }
}
