{
  "lockfile_version": "1",
  "packages": {
    "github:NixOS/nixpkgs/nixpkgs-unstable": {
      "last_modified": "2026-07-26T16:08:32Z",
      "resolved": "github:NixOS/nixpkgs/e318e6adc497b5e8a5ac433c6c6ed21ecdab9029?lastModified=1785082112&narHash=sha256-Y7z%2FnrPajIJyVDd9z53ZPZGm0HU%2Bkej16Pwt2cNYI0A%3D"
    },
    "go@1.26.5": {
      "last_modified": "2026-07-23T05:10:05Z",
      "resolved": "github:NixOS/nixpkgs/7525d999cd850b9a488817abc89c75dc733acf17#go",
      "source": "devbox-search",
      "version": "1.26.5",
      "systems": {
        "aarch64-darwin": {
          "outputs": [
            {
              "name": "out",
              "path": "/nix/store/naw4mj4s58ymzlc10a76y79m40w3wfpp-go-1.26.5",
              "default": true
            }
          ],
          "store_path": "/nix/store/naw4mj4s58ymzlc10a76y79m40w3wfpp-go-1.26.5"
        },
        "aarch64-linux": {
          "outputs": [
            {
              "name": "out",
              "path": "/nix/store/fhg6v8k9hbqpr4b2zcmd099afxh7qxw0-go-1.26.5",
              "default": true
            }
          ],
          "store_path": "/nix/store/fhg6v8k9hbqpr4b2zcmd099afxh7qxw0-go-1.26.5"
        },
        "x86_64-linux": {
          "outputs": [
            {
              "name": "out",
              "path": "/nix/store/rcz9i4msbg3178grqll9h98b07dwk7zg-go-1.26.5",
              "default": true
            }
          ],
          "store_path": "/nix/store/rcz9i4msbg3178grqll9h98b07dwk7zg-go-1.26.5"
        }
      }
    }
  }
}
