{
  "lockfile_version": "1",
  "packages": {
    "github:NixOS/nixpkgs/nixpkgs-unstable": {
      "last_modified": "2026-09-24T08:34:56Z",
      "resolved": "github:NixOS/nixpkgs/34ca302a9572963c02e385c056be37c85ff51b77?lastModified=1790238896&narHash=sha256-ym4BG18Pu2awiJIehla1Lo9xiB2QYRcCzW3SB74gEBY%3D"
    },
    "go@1.26.5": {
      "last_modified": "2026-08-12T11:28:58Z",
      "resolved": "github:NixOS/nixpkgs/044bfe75bfe4c7bbe043dc17b5e42ea823b84a09#go",
      "source": "devbox-search",
      "version": "1.26.5",
      "systems": {
        "aarch64-darwin": {
          "outputs": [
            {
              "name": "out",
              "path": "/nix/store/4im44k446822ixjai0mdaizqskc90qxr-go-1.26.5",
              "default": true
            }
          ],
          "store_path": "/nix/store/4im44k446822ixjai0mdaizqskc90qxr-go-1.26.5"
        },
        "aarch64-linux": {
          "outputs": [
            {
              "name": "out",
              "path": "/nix/store/yjifjy7qjzm9jli8xhzwy3y6fzw84405-go-1.26.5",
              "default": true
            }
          ],
          "store_path": "/nix/store/yjifjy7qjzm9jli8xhzwy3y6fzw84405-go-1.26.5"
        },
        "x86_64-linux": {
          "outputs": [
            {
              "name": "out",
              "path": "/nix/store/xrgn6m0c5vbz06467q06zdwnk6qqdl7z-go-1.26.5",
              "default": true
            }
          ],
          "store_path": "/nix/store/xrgn6m0c5vbz06467q06zdwnk6qqdl7z-go-1.26.5"
        }
      }
    }
  }
}
